// !$*UTF8*$!
{
	archiveVersion = 1;
	classes = {
	};
	objectVersion = 46;
	objects = {

/* Begin PBXBuildFile section */
		00092FC9DEA84E2BBA274C70 /* main.m in Sources */ = {isa = PBXBuildFile; fileRef = 112B9C38FE3445FCA7764C4F /* main.m */; };
		191AED4217C33E39003B10F0 /* MapKit.framework in Frameworks */ = {isa = PBXBuildFile; fileRef = 191AED4117C33E39003B10F0 /* MapKit.framework */; };
		191AED4B17C4F951003B10F0 /* res in Resources */ = {isa = PBXBuildFile; fileRef = 191AED4A17C4F951003B10F0 /* res */; };
		191AED4D17C5AA18003B10F0 /* CoreLocation.framework in Frameworks */ = {isa = PBXBuildFile; fileRef = 191AED4C17C5AA18003B10F0 /* CoreLocation.framework */; };
		192F311317D0F77D00509135 /* image in Resources */ = {isa = PBXBuildFile; fileRef = 192F311217D0F77D00509135 /* image */; };
		194B1E7018855F3A004FCBA7 /* MJPopupBackgroundView.m in Sources */ = {isa = PBXBuildFile; fileRef = 194B1E6D18855F3A004FCBA7 /* MJPopupBackgroundView.m */; };
		194B1E7118855F3A004FCBA7 /* UIViewController+MJPopupViewController.m in Sources */ = {isa = PBXBuildFile; fileRef = 194B1E6F18855F3A004FCBA7 /* UIViewController+MJPopupViewController.m */; };
		194B1E881885654F004FCBA7 /* I18N.m in Sources */ = {isa = PBXBuildFile; fileRef = 194B1E811885654F004FCBA7 /* I18N.m */; };
		194B1E891885654F004FCBA7 /* NSString+Util.m in Sources */ = {isa = PBXBuildFile; fileRef = 194B1E831885654F004FCBA7 /* NSString+Util.m */; };
		194B1E8B1885654F004FCBA7 /* Views.m in Sources */ = {isa = PBXBuildFile; fileRef = 194B1E871885654F004FCBA7 /* Views.m */; };
		194B1E9E18856618004FCBA7 /* LoginViewController.m in Sources */ = {isa = PBXBuildFile; fileRef = 194B1E9018856618004FCBA7 /* LoginViewController.m */; };
		194B1E9F18856618004FCBA7 /* MainViewController.m in Sources */ = {isa = PBXBuildFile; fileRef = 194B1E9218856618004FCBA7 /* MainViewController.m */; };
		1955A56B17E3178100BEF77F /* Localizable.strings in Resources */ = {isa = PBXBuildFile; fileRef = 1955A56D17E3178100BEF77F /* Localizable.strings */; };
		1958468417C266C8004B8592 /* UIKit.framework in Frameworks */ = {isa = PBXBuildFile; fileRef = 1958468317C266C8004B8592 /* UIKit.framework */; };
		1958468617C266C8004B8592 /* Foundation.framework in Frameworks */ = {isa = PBXBuildFile; fileRef = 1958468517C266C8004B8592 /* Foundation.framework */; };
		1958468817C266C8004B8592 /* CoreGraphics.framework in Frameworks */ = {isa = PBXBuildFile; fileRef = 1958468717C266C8004B8592 /* CoreGraphics.framework */; };
		1958468E17C266C8004B8592 /* InfoPlist.strings in Resources */ = {isa = PBXBuildFile; fileRef = 1958468C17C266C8004B8592 /* InfoPlist.strings */; };
		1958469017C266C8004B8592 /* main.m in Sources */ = {isa = PBXBuildFile; fileRef = 1958468F17C266C8004B8592 /* main.m */; };
		1958469417C266C8004B8592 /* thorAppDelegate.m in Sources */ = {isa = PBXBuildFile; fileRef = 1958469317C266C8004B8592 /* thorAppDelegate.m */; };
		1958469617C266C8004B8592 /* Default.png in Resources */ = {isa = PBXBuildFile; fileRef = 1958469517C266C8004B8592 /* Default.png */; };
		1958469817C266C8004B8592 /* Default@2x.png in Resources */ = {isa = PBXBuildFile; fileRef = 1958469717C266C8004B8592 /* Default@2x.png */; };
		1958469A17C266C8004B8592 /* Default-568h@2x.png in Resources */ = {isa = PBXBuildFile; fileRef = 1958469917C266C8004B8592 /* Default-568h@2x.png */; };
		195E62BA17E59EF600576209 /* QuartzCore.framework in Frameworks */ = {isa = PBXBuildFile; fileRef = 195E62B917E59EF600576209 /* QuartzCore.framework */; };
		197952481892B61500B9DA3D /* AddressBookUI.framework in Frameworks */ = {isa = PBXBuildFile; fileRef = 197952471892B61500B9DA3D /* AddressBookUI.framework */; };
		19D5856D1889948E0086DA82 /* UIColor+Util.m in Sources */ = {isa = PBXBuildFile; fileRef = 19D5856C1889948E0086DA82 /* UIColor+Util.m */; };
		19D58571188C0B840086DA82 /* Pref.m in Sources */ = {isa = PBXBuildFile; fileRef = 19D58570188C0B840086DA82 /* Pref.m */; };
		1AA4FF5A9F004E9C8A02FCE8 /* Foundation.framework in Frameworks */ = {isa = PBXBuildFile; fileRef = 1E81F73A866C44F59173D2A0 /* Foundation.framework */; };
		23D1A01456E0168690DFD20D /* CoffeeShop.m in Sources */ = {isa = PBXBuildFile; fileRef = 23D1A702A947B002EC72EBD7 /* CoffeeShop.m */; };
		23D1A066EB52712B23F811C3 /* SubmitInfo.m in Sources */ = {isa = PBXBuildFile; fileRef = 23D1A7F48C035587C1E9D2D1 /* SubmitInfo.m */; };
		23D1A0802F8614F2F8CB2131 /* AddShopViewController.m in Sources */ = {isa = PBXBuildFile; fileRef = 23D1AFF812EA31A3594E08DF /* AddShopViewController.m */; };
		23D1A0907F15ACB7C83C2A37 /* LogoutState.m in Sources */ = {isa = PBXBuildFile; fileRef = 23D1AF3067EB607F0EEB3682 /* LogoutState.m */; };
		23D1A24BEC21E583500E5167 /* MKMapView+ZoomLevel.m in Sources */ = {isa = PBXBuildFile; fileRef = 23D1A499DEBCC1E0D2F1CD94 /* MKMapView+ZoomLevel.m */; };
		23D1A2937854FB6F0786E13B /* LeftDrawerController.m in Sources */ = {isa = PBXBuildFile; fileRef = 23D1A93746AEE103AF74DD26 /* LeftDrawerController.m */; };
		23D1A391C2ADA57631EF0D74 /* System.m in Sources */ = {isa = PBXBuildFile; fileRef = 23D1A3C17A2C3980E9A6CAF0 /* System.m */; };
		23D1A42F470001D0894B8ADC /* UIColor+Constant.m in Sources */ = {isa = PBXBuildFile; fileRef = 23D1AA16F1846149509F9444 /* UIColor+Constant.m */; };
		23D1A48C49168AB057EF6D05 /* DetailViewController.m in Sources */ = {isa = PBXBuildFile; fileRef = 23D1A27A8488A14E95502F4D /* DetailViewController.m */; };
		23D1A49A66472AAD3B75B44A /* CoffeeManager.m in Sources */ = {isa = PBXBuildFile; fileRef = 23D1AC8EF72D800DBE6619AA /* CoffeeManager.m */; };
		23D1A49FEAC497E4D78696F3 /* DistancePickViewController.m in Sources */ = {isa = PBXBuildFile; fileRef = 23D1A3020509751B890F0D86 /* DistancePickViewController.m */; };
		23D1A4FA5078287033E22B22 /* CoffeeService.m in Sources */ = {isa = PBXBuildFile; fileRef = 23D1A326D67B1D409AD436E2 /* CoffeeService.m */; };
		23D1A5EEA9EBAC2FD78449A2 /* CoffeeShopDetail.m in Sources */ = {isa = PBXBuildFile; fileRef = 23D1A09CCED36E427FB0EEA5 /* CoffeeShopDetail.m */; };
		23D1A62022DEE8338D98E6AE /* UIImage+Util.m in Sources */ = {isa = PBXBuildFile; fileRef = 23D1A86B7CF0A3C534075EE6 /* UIImage+Util.m */; };
		23D1A6E0C4047D78369E49D2 /* UINavigationBar+Appearance.m in Sources */ = {isa = PBXBuildFile; fileRef = 23D1A73222B0E6C346CB77F5 /* UINavigationBar+Appearance.m */; };
		23D1A6EE325FF366C4CE14AC /* CoffeeShop+Strings.m in Sources */ = {isa = PBXBuildFile; fileRef = 23D1AC3492DC64A799EBE477 /* CoffeeShop+Strings.m */; };
		23D1A738EAEF2E2FC533C752 /* SignUpViewController.m in Sources */ = {isa = PBXBuildFile; fileRef = 23D1A2766A81E8DDBBA97A46 /* SignUpViewController.m */; };
		23D1A7B8B1FF42FD6C55C0BF /* LoginState.m in Sources */ = {isa = PBXBuildFile; fileRef = 23D1A9662F95D333D7E3D6B1 /* LoginState.m */; };
		23D1A7F5F809766DC9C7D2EE /* ThorNavigationController.m in Sources */ = {isa = PBXBuildFile; fileRef = 23D1AC9BBF56282E4512F9F7 /* ThorNavigationController.m */; };
		23D1AA59B69DC6F116A1A180 /* TRAnnotation.m in Sources */ = {isa = PBXBuildFile; fileRef = 23D1AFF7D00EDDCD6B5E195C /* TRAnnotation.m */; };
		23D1AAA666E4D17926AC985F /* LogingState.m in Sources */ = {isa = PBXBuildFile; fileRef = 23D1AD7599D1816C1FB154C7 /* LogingState.m */; };
		23D1AAB68B739D768A1C33BA /* UINavigationItem+Util.m in Sources */ = {isa = PBXBuildFile; fileRef = 23D1A31676E778A8DA50503A /* UINavigationItem+Util.m */; };
		23D1AAB789294401C3EED352 /* TRFilterState.m in Sources */ = {isa = PBXBuildFile; fileRef = 23D1AE674B91BB25AE80B7B5 /* TRFilterState.m */; };
		23D1ABA36B8175AE87BBBECA /* AbstractUIViewController.m in Sources */ = {isa = PBXBuildFile; fileRef = 23D1A88D12B7F2948BAAC6F0 /* AbstractUIViewController.m */; };
		23D1ABCB3AC6E3DDA0F45D4E /* LogStateMachine.m in Sources */ = {isa = PBXBuildFile; fileRef = 23D1A9F340E9867E1F0792E2 /* LogStateMachine.m */; };
		23D1AC4C3429E9871F6C6617 /* ExternalApp.m in Sources */ = {isa = PBXBuildFile; fileRef = 23D1A9FCCC2E0D16F55744A0 /* ExternalApp.m */; };
		23D1ADAF7031590D64AE4C1A /* ThorUis.m in Sources */ = {isa = PBXBuildFile; fileRef = 23D1A243DA38B16BA100F0C6 /* ThorUis.m */; };
		23D1AE4499B34B0941E7FEA2 /* AbstractPref.m in Sources */ = {isa = PBXBuildFile; fileRef = 23D1AFE4F0985AEC60D83452 /* AbstractPref.m */; };
		23D1AFB5453C919E0EE1499A /* SettingController.m in Sources */ = {isa = PBXBuildFile; fileRef = 23D1A4636A449BF441538AD1 /* SettingController.m */; };
		23D1AFCBC759CBFFD96D5443 /* AbstractState.m in Sources */ = {isa = PBXBuildFile; fileRef = 23D1A1CDD7F7F79D53004C90 /* AbstractState.m */; };
		2E3BC82F225A458B8DE73188 /* MyTest.m in Sources */ = {isa = PBXBuildFile; fileRef = 93305DB8A51B4F7C8612558D /* MyTest.m */; };
		4AA0266F4E8C41F7B00D5A05 /* CoffeeManagerTests.m in Sources */ = {isa = PBXBuildFile; fileRef = 9D93F483162E4AB69AFBADF4 /* CoffeeManagerTests.m */; };
		5C1EFC09862F408F8E32E1F8 /* libPods-Tests.a in Frameworks */ = {isa = PBXBuildFile; fileRef = 61E150C746AD469B8E8930EA /* libPods-Tests.a */; };
		77C84B90CB00466CBFC937DA /* libPods.a in Frameworks */ = {isa = PBXBuildFile; fileRef = BB46A6B010F648FCB20DA62E /* libPods.a */; };
/* End PBXBuildFile section */

/* Begin PBXContainerItemProxy section */
		CF451326B8AC41858C053B59 /* PBXContainerItemProxy */ = {
			isa = PBXContainerItemProxy;
			containerPortal = 1958467817C266C8004B8592 /* Project object */;
			proxyType = 1;
			remoteGlobalIDString = 1958467F17C266C8004B8592;
			remoteInfo = thor;
		};
/* End PBXContainerItemProxy section */

/* Begin PBXFileReference section */
		112B9C38FE3445FCA7764C4F /* main.m */ = {isa = PBXFileReference; includeInIndex = 1; lastKnownFileType = sourcecode.c.objc; name = main.m; path = Tests/main.m; sourceTree = "<group>"; };
		191AED4117C33E39003B10F0 /* MapKit.framework */ = {isa = PBXFileReference; lastKnownFileType = wrapper.framework; name = MapKit.framework; path = System/Library/Frameworks/MapKit.framework; sourceTree = SDKROOT; };
		191AED4A17C4F951003B10F0 /* res */ = {isa = PBXFileReference; lastKnownFileType = folder; path = res; sourceTree = "<group>"; };
		191AED4C17C5AA18003B10F0 /* CoreLocation.framework */ = {isa = PBXFileReference; lastKnownFileType = wrapper.framework; name = CoreLocation.framework; path = System/Library/Frameworks/CoreLocation.framework; sourceTree = SDKROOT; };
		192F311217D0F77D00509135 /* image */ = {isa = PBXFileReference; lastKnownFileType = folder; path = image; sourceTree = "<group>"; };
		194B1E6C18855F3A004FCBA7 /* MJPopupBackgroundView.h */ = {isa = PBXFileReference; fileEncoding = 4; lastKnownFileType = sourcecode.c.h; path = MJPopupBackgroundView.h; sourceTree = "<group>"; };
		194B1E6D18855F3A004FCBA7 /* MJPopupBackgroundView.m */ = {isa = PBXFileReference; fileEncoding = 4; lastKnownFileType = sourcecode.c.objc; path = MJPopupBackgroundView.m; sourceTree = "<group>"; };
		194B1E6E18855F3A004FCBA7 /* UIViewController+MJPopupViewController.h */ = {isa = PBXFileReference; fileEncoding = 4; lastKnownFileType = sourcecode.c.h; path = "UIViewController+MJPopupViewController.h"; sourceTree = "<group>"; };
		194B1E6F18855F3A004FCBA7 /* UIViewController+MJPopupViewController.m */ = {isa = PBXFileReference; fileEncoding = 4; lastKnownFileType = sourcecode.c.objc; path = "UIViewController+MJPopupViewController.m"; sourceTree = "<group>"; };
		194B1E801885654F004FCBA7 /* I18N.h */ = {isa = PBXFileReference; fileEncoding = 4; lastKnownFileType = sourcecode.c.h; path = I18N.h; sourceTree = "<group>"; };
		194B1E811885654F004FCBA7 /* I18N.m */ = {isa = PBXFileReference; fileEncoding = 4; lastKnownFileType = sourcecode.c.objc; path = I18N.m; sourceTree = "<group>"; };
		194B1E821885654F004FCBA7 /* NSString+Util.h */ = {isa = PBXFileReference; fileEncoding = 4; lastKnownFileType = sourcecode.c.h; path = "NSString+Util.h"; sourceTree = "<group>"; };
		194B1E831885654F004FCBA7 /* NSString+Util.m */ = {isa = PBXFileReference; fileEncoding = 4; lastKnownFileType = sourcecode.c.objc; path = "NSString+Util.m"; sourceTree = "<group>"; };
		194B1E861885654F004FCBA7 /* Views.h */ = {isa = PBXFileReference; fileEncoding = 4; lastKnownFileType = sourcecode.c.h; path = Views.h; sourceTree = "<group>"; };
		194B1E871885654F004FCBA7 /* Views.m */ = {isa = PBXFileReference; fileEncoding = 4; lastKnownFileType = sourcecode.c.objc; path = Views.m; sourceTree = "<group>"; };
		194B1E8F18856618004FCBA7 /* LoginViewController.h */ = {isa = PBXFileReference; fileEncoding = 4; lastKnownFileType = sourcecode.c.h; path = LoginViewController.h; sourceTree = "<group>"; };
		194B1E9018856618004FCBA7 /* LoginViewController.m */ = {isa = PBXFileReference; fileEncoding = 4; lastKnownFileType = sourcecode.c.objc; path = LoginViewController.m; sourceTree = "<group>"; };
		194B1E9118856618004FCBA7 /* MainViewController.h */ = {isa = PBXFileReference; fileEncoding = 4; lastKnownFileType = sourcecode.c.h; path = MainViewController.h; sourceTree = "<group>"; };
		194B1E9218856618004FCBA7 /* MainViewController.m */ = {isa = PBXFileReference; fileEncoding = 4; lastKnownFileType = sourcecode.c.objc; path = MainViewController.m; sourceTree = "<group>"; };
		1955A56717E2079400BEF77F /* zh-Hant */ = {isa = PBXFileReference; lastKnownFileType = text.plist.strings; name = "zh-Hant"; path = "zh-Hant.lproj/InfoPlist.strings"; sourceTree = "<group>"; };
		1955A56E17E3179700BEF77F /* en */ = {isa = PBXFileReference; lastKnownFileType = text.plist.strings; name = en; path = en.lproj/Localizable.strings; sourceTree = "<group>"; };
		1955A56F17E317F400BEF77F /* zh-Hant */ = {isa = PBXFileReference; lastKnownFileType = text.plist.strings; name = "zh-Hant"; path = "zh-Hant.lproj/Localizable.strings"; sourceTree = "<group>"; };
		1958468017C266C8004B8592 /* thor.app */ = {isa = PBXFileReference; explicitFileType = wrapper.application; includeInIndex = 0; path = thor.app; sourceTree = BUILT_PRODUCTS_DIR; };
		1958468317C266C8004B8592 /* UIKit.framework */ = {isa = PBXFileReference; lastKnownFileType = wrapper.framework; name = UIKit.framework; path = System/Library/Frameworks/UIKit.framework; sourceTree = SDKROOT; };
		1958468517C266C8004B8592 /* Foundation.framework */ = {isa = PBXFileReference; lastKnownFileType = wrapper.framework; name = Foundation.framework; path = System/Library/Frameworks/Foundation.framework; sourceTree = SDKROOT; };
		1958468717C266C8004B8592 /* CoreGraphics.framework */ = {isa = PBXFileReference; lastKnownFileType = wrapper.framework; name = CoreGraphics.framework; path = System/Library/Frameworks/CoreGraphics.framework; sourceTree = SDKROOT; };
		1958468B17C266C8004B8592 /* thor-Info.plist */ = {isa = PBXFileReference; lastKnownFileType = text.plist.xml; path = "thor-Info.plist"; sourceTree = "<group>"; };
		1958468D17C266C8004B8592 /* en */ = {isa = PBXFileReference; lastKnownFileType = text.plist.strings; name = en; path = en.lproj/InfoPlist.strings; sourceTree = "<group>"; };
		1958468F17C266C8004B8592 /* main.m */ = {isa = PBXFileReference; lastKnownFileType = sourcecode.c.objc; path = main.m; sourceTree = "<group>"; };
		1958469117C266C8004B8592 /* thor-Prefix.pch */ = {isa = PBXFileReference; lastKnownFileType = sourcecode.c.h; path = "thor-Prefix.pch"; sourceTree = "<group>"; };
		1958469217C266C8004B8592 /* thorAppDelegate.h */ = {isa = PBXFileReference; lastKnownFileType = sourcecode.c.h; path = thorAppDelegate.h; sourceTree = "<group>"; };
		1958469317C266C8004B8592 /* thorAppDelegate.m */ = {isa = PBXFileReference; lastKnownFileType = sourcecode.c.objc; path = thorAppDelegate.m; sourceTree = "<group>"; };
		1958469517C266C8004B8592 /* Default.png */ = {isa = PBXFileReference; lastKnownFileType = image.png; path = Default.png; sourceTree = "<group>"; };
		1958469717C266C8004B8592 /* Default@2x.png */ = {isa = PBXFileReference; lastKnownFileType = image.png; path = "Default@2x.png"; sourceTree = "<group>"; };
		1958469917C266C8004B8592 /* Default-568h@2x.png */ = {isa = PBXFileReference; lastKnownFileType = image.png; path = "Default-568h@2x.png"; sourceTree = "<group>"; };
		195E62B917E59EF600576209 /* QuartzCore.framework */ = {isa = PBXFileReference; lastKnownFileType = wrapper.framework; name = QuartzCore.framework; path = System/Library/Frameworks/QuartzCore.framework; sourceTree = SDKROOT; };
		197952451892B5DF00B9DA3D /* AddressBook.framework */ = {isa = PBXFileReference; lastKnownFileType = wrapper.framework; name = AddressBook.framework; path = System/Library/Frameworks/AddressBook.framework; sourceTree = SDKROOT; };
		197952471892B61500B9DA3D /* AddressBookUI.framework */ = {isa = PBXFileReference; lastKnownFileType = wrapper.framework; name = AddressBookUI.framework; path = System/Library/Frameworks/AddressBookUI.framework; sourceTree = SDKROOT; };
		19D5856B1889948E0086DA82 /* UIColor+Util.h */ = {isa = PBXFileReference; fileEncoding = 4; lastKnownFileType = sourcecode.c.h; path = "UIColor+Util.h"; sourceTree = "<group>"; };
		19D5856C1889948E0086DA82 /* UIColor+Util.m */ = {isa = PBXFileReference; fileEncoding = 4; lastKnownFileType = sourcecode.c.objc; path = "UIColor+Util.m"; sourceTree = "<group>"; };
		19D5856F188C0B840086DA82 /* Pref.h */ = {isa = PBXFileReference; fileEncoding = 4; lastKnownFileType = sourcecode.c.h; path = Pref.h; sourceTree = "<group>"; };
		19D58570188C0B840086DA82 /* Pref.m */ = {isa = PBXFileReference; fileEncoding = 4; lastKnownFileType = sourcecode.c.objc; path = Pref.m; sourceTree = "<group>"; };
		1E81F73A866C44F59173D2A0 /* Foundation.framework */ = {isa = PBXFileReference; lastKnownFileType = wrapper.framework; name = Foundation.framework; path = Platforms/iPhoneOS.platform/Developer/SDKs/iPhoneOS7.0.sdk/System/Library/Frameworks/Foundation.framework; sourceTree = DEVELOPER_DIR; };
		23D1A0538595D89239E252D6 /* ThorNavigationController.h */ = {isa = PBXFileReference; fileEncoding = 4; lastKnownFileType = sourcecode.c.h; path = ThorNavigationController.h; sourceTree = "<group>"; };
		23D1A09CCED36E427FB0EEA5 /* CoffeeShopDetail.m */ = {isa = PBXFileReference; fileEncoding = 4; lastKnownFileType = sourcecode.c.objc; path = CoffeeShopDetail.m; sourceTree = "<group>"; };
		23D1A0BFC6EA19ACBE2C4A35 /* AbstractState.h */ = {isa = PBXFileReference; fileEncoding = 4; lastKnownFileType = sourcecode.c.h; path = AbstractState.h; sourceTree = "<group>"; };
		23D1A0D773C7C998B07C2BA6 /* UIColor+Constant.h */ = {isa = PBXFileReference; fileEncoding = 4; lastKnownFileType = sourcecode.c.h; path = "UIColor+Constant.h"; sourceTree = "<group>"; };
		23D1A1468711D39C6AB838AA /* System.h */ = {isa = PBXFileReference; fileEncoding = 4; lastKnownFileType = sourcecode.c.h; path = System.h; sourceTree = "<group>"; };
		23D1A1CDD7F7F79D53004C90 /* AbstractState.m */ = {isa = PBXFileReference; fileEncoding = 4; lastKnownFileType = sourcecode.c.objc; path = AbstractState.m; sourceTree = "<group>"; };
		23D1A243DA38B16BA100F0C6 /* ThorUis.m */ = {isa = PBXFileReference; fileEncoding = 4; lastKnownFileType = sourcecode.c.objc; path = ThorUis.m; sourceTree = "<group>"; };
		23D1A251A54477874EEDE336 /* ThorUis.h */ = {isa = PBXFileReference; fileEncoding = 4; lastKnownFileType = sourcecode.c.h; path = ThorUis.h; sourceTree = "<group>"; };
		23D1A2766A81E8DDBBA97A46 /* SignUpViewController.m */ = {isa = PBXFileReference; fileEncoding = 4; lastKnownFileType = sourcecode.c.objc; path = SignUpViewController.m; sourceTree = "<group>"; };
		23D1A27A8488A14E95502F4D /* DetailViewController.m */ = {isa = PBXFileReference; fileEncoding = 4; lastKnownFileType = sourcecode.c.objc; path = DetailViewController.m; sourceTree = "<group>"; };
		23D1A3020509751B890F0D86 /* DistancePickViewController.m */ = {isa = PBXFileReference; fileEncoding = 4; lastKnownFileType = sourcecode.c.objc; path = DistancePickViewController.m; sourceTree = "<group>"; };
		23D1A31676E778A8DA50503A /* UINavigationItem+Util.m */ = {isa = PBXFileReference; fileEncoding = 4; lastKnownFileType = sourcecode.c.objc; path = "UINavigationItem+Util.m"; sourceTree = "<group>"; };
		23D1A3251F2E796969FF73F9 /* CoffeeManager.h */ = {isa = PBXFileReference; fileEncoding = 4; lastKnownFileType = sourcecode.c.h; path = CoffeeManager.h; sourceTree = "<group>"; };
		23D1A326D67B1D409AD436E2 /* CoffeeService.m */ = {isa = PBXFileReference; fileEncoding = 4; lastKnownFileType = sourcecode.c.objc; path = CoffeeService.m; sourceTree = "<group>"; };
		23D1A334A1C2A2D172ACF83B /* UIImage+Util.h */ = {isa = PBXFileReference; fileEncoding = 4; lastKnownFileType = sourcecode.c.h; path = "UIImage+Util.h"; sourceTree = "<group>"; };
		23D1A398EC5FB31F0218DACE /* UINavigationItem+Util.h */ = {isa = PBXFileReference; fileEncoding = 4; lastKnownFileType = sourcecode.c.h; path = "UINavigationItem+Util.h"; sourceTree = "<group>"; };
		23D1A3B4CB58F83AA30C1195 /* CoffeeShop+Strings.h */ = {isa = PBXFileReference; fileEncoding = 4; lastKnownFileType = sourcecode.c.h; path = "CoffeeShop+Strings.h"; sourceTree = "<group>"; };
		23D1A3C17A2C3980E9A6CAF0 /* System.m */ = {isa = PBXFileReference; fileEncoding = 4; lastKnownFileType = sourcecode.c.objc; path = System.m; sourceTree = "<group>"; };
		23D1A42B8EF619CFF442DA0F /* LogStateMachine.h */ = {isa = PBXFileReference; fileEncoding = 4; lastKnownFileType = sourcecode.c.h; path = LogStateMachine.h; sourceTree = "<group>"; };
		23D1A4636A449BF441538AD1 /* SettingController.m */ = {isa = PBXFileReference; fileEncoding = 4; lastKnownFileType = sourcecode.c.objc; path = SettingController.m; sourceTree = "<group>"; };
		23D1A499DEBCC1E0D2F1CD94 /* MKMapView+ZoomLevel.m */ = {isa = PBXFileReference; fileEncoding = 4; lastKnownFileType = sourcecode.c.objc; path = "MKMapView+ZoomLevel.m"; sourceTree = "<group>"; };
		23D1A5DB53CEE6694FC6C18F /* CoffeeService.h */ = {isa = PBXFileReference; fileEncoding = 4; lastKnownFileType = sourcecode.c.h; path = CoffeeService.h; sourceTree = "<group>"; };
		23D1A646E75AD076769EA43A /* SettingController.h */ = {isa = PBXFileReference; fileEncoding = 4; lastKnownFileType = sourcecode.c.h; path = SettingController.h; sourceTree = "<group>"; };
		23D1A702A947B002EC72EBD7 /* CoffeeShop.m */ = {isa = PBXFileReference; fileEncoding = 4; lastKnownFileType = sourcecode.c.objc; path = CoffeeShop.m; sourceTree = "<group>"; };
		23D1A73222B0E6C346CB77F5 /* UINavigationBar+Appearance.m */ = {isa = PBXFileReference; fileEncoding = 4; lastKnownFileType = sourcecode.c.objc; path = "UINavigationBar+Appearance.m"; sourceTree = "<group>"; };
		23D1A73B4BD33E5752EC8D66 /* LeftDrawerController.h */ = {isa = PBXFileReference; fileEncoding = 4; lastKnownFileType = sourcecode.c.h; path = LeftDrawerController.h; sourceTree = "<group>"; };
		23D1A740CB25632BD838B160 /* LoginState.h */ = {isa = PBXFileReference; fileEncoding = 4; lastKnownFileType = sourcecode.c.h; path = LoginState.h; sourceTree = "<group>"; };
		23D1A7C2FEB8595DE0EA707A /* TRAnnotation.h */ = {isa = PBXFileReference; fileEncoding = 4; lastKnownFileType = sourcecode.c.h; path = TRAnnotation.h; sourceTree = "<group>"; };
		23D1A7F48C035587C1E9D2D1 /* SubmitInfo.m */ = {isa = PBXFileReference; fileEncoding = 4; lastKnownFileType = sourcecode.c.objc; path = SubmitInfo.m; sourceTree = "<group>"; };
		23D1A838E95E2123BD575694 /* DistancePickViewController.h */ = {isa = PBXFileReference; fileEncoding = 4; lastKnownFileType = sourcecode.c.h; path = DistancePickViewController.h; sourceTree = "<group>"; };
		23D1A86B7CF0A3C534075EE6 /* UIImage+Util.m */ = {isa = PBXFileReference; fileEncoding = 4; lastKnownFileType = sourcecode.c.objc; path = "UIImage+Util.m"; sourceTree = "<group>"; };
		23D1A88D12B7F2948BAAC6F0 /* AbstractUIViewController.m */ = {isa = PBXFileReference; fileEncoding = 4; lastKnownFileType = sourcecode.c.objc; path = AbstractUIViewController.m; sourceTree = "<group>"; };
		23D1A8D3129C44C831678F98 /* AbstractPref.h */ = {isa = PBXFileReference; fileEncoding = 4; lastKnownFileType = sourcecode.c.h; path = AbstractPref.h; sourceTree = "<group>"; };
		23D1A8FC954617646ACA6350 /* UINavigationBar+Appearance.h */ = {isa = PBXFileReference; fileEncoding = 4; lastKnownFileType = sourcecode.c.h; path = "UINavigationBar+Appearance.h"; sourceTree = "<group>"; };
		23D1A93746AEE103AF74DD26 /* LeftDrawerController.m */ = {isa = PBXFileReference; fileEncoding = 4; lastKnownFileType = sourcecode.c.objc; path = LeftDrawerController.m; sourceTree = "<group>"; };
		23D1A95738A865504909BF24 /* SubmitInfo.h */ = {isa = PBXFileReference; fileEncoding = 4; lastKnownFileType = sourcecode.c.h; path = SubmitInfo.h; sourceTree = "<group>"; };
		23D1A9662F95D333D7E3D6B1 /* LoginState.m */ = {isa = PBXFileReference; fileEncoding = 4; lastKnownFileType = sourcecode.c.objc; path = LoginState.m; sourceTree = "<group>"; };
		23D1A9F340E9867E1F0792E2 /* LogStateMachine.m */ = {isa = PBXFileReference; fileEncoding = 4; lastKnownFileType = sourcecode.c.objc; path = LogStateMachine.m; sourceTree = "<group>"; };
		23D1A9FCCC2E0D16F55744A0 /* ExternalApp.m */ = {isa = PBXFileReference; fileEncoding = 4; lastKnownFileType = sourcecode.c.objc; path = ExternalApp.m; sourceTree = "<group>"; };
		23D1AA16F1846149509F9444 /* UIColor+Constant.m */ = {isa = PBXFileReference; fileEncoding = 4; lastKnownFileType = sourcecode.c.objc; path = "UIColor+Constant.m"; sourceTree = "<group>"; };
		23D1AAC4487A1510BC025964 /* AbstractUIViewController.h */ = {isa = PBXFileReference; fileEncoding = 4; lastKnownFileType = sourcecode.c.h; path = AbstractUIViewController.h; sourceTree = "<group>"; };
		23D1AAEFEB44AAA3F5A88225 /* SignUpViewController.h */ = {isa = PBXFileReference; fileEncoding = 4; lastKnownFileType = sourcecode.c.h; path = SignUpViewController.h; sourceTree = "<group>"; };
		23D1AB80F2A22133B19F5B0F /* LogoutState.h */ = {isa = PBXFileReference; fileEncoding = 4; lastKnownFileType = sourcecode.c.h; path = LogoutState.h; sourceTree = "<group>"; };
		23D1AC024B7C9EB60CB43861 /* AddShopViewController.h */ = {isa = PBXFileReference; fileEncoding = 4; lastKnownFileType = sourcecode.c.h; path = AddShopViewController.h; sourceTree = "<group>"; };
		23D1AC3492DC64A799EBE477 /* CoffeeShop+Strings.m */ = {isa = PBXFileReference; fileEncoding = 4; lastKnownFileType = sourcecode.c.objc; path = "CoffeeShop+Strings.m"; sourceTree = "<group>"; };
		23D1AC8EF72D800DBE6619AA /* CoffeeManager.m */ = {isa = PBXFileReference; fileEncoding = 4; lastKnownFileType = sourcecode.c.objc; path = CoffeeManager.m; sourceTree = "<group>"; };
		23D1AC9BBF56282E4512F9F7 /* ThorNavigationController.m */ = {isa = PBXFileReference; fileEncoding = 4; lastKnownFileType = sourcecode.c.objc; path = ThorNavigationController.m; sourceTree = "<group>"; };
		23D1ACB703730537CED19AED /* ExternalApp.h */ = {isa = PBXFileReference; fileEncoding = 4; lastKnownFileType = sourcecode.c.h; path = ExternalApp.h; sourceTree = "<group>"; };
		23D1AD2FB23E68372C3FB2FC /* MKMapView+ZoomLevel.h */ = {isa = PBXFileReference; fileEncoding = 4; lastKnownFileType = sourcecode.c.h; path = "MKMapView+ZoomLevel.h"; sourceTree = "<group>"; };
		23D1AD7599D1816C1FB154C7 /* LogingState.m */ = {isa = PBXFileReference; fileEncoding = 4; lastKnownFileType = sourcecode.c.objc; path = LogingState.m; sourceTree = "<group>"; };
		23D1AE0AC8D4D3CF56EF0449 /* TRFilterState.h */ = {isa = PBXFileReference; fileEncoding = 4; lastKnownFileType = sourcecode.c.h; path = TRFilterState.h; sourceTree = "<group>"; };
		23D1AE3A3B1B2099ADAE6A6D /* DetailViewController.h */ = {isa = PBXFileReference; fileEncoding = 4; lastKnownFileType = sourcecode.c.h; path = DetailViewController.h; sourceTree = "<group>"; };
		23D1AE674B91BB25AE80B7B5 /* TRFilterState.m */ = {isa = PBXFileReference; fileEncoding = 4; lastKnownFileType = sourcecode.c.objc; path = TRFilterState.m; sourceTree = "<group>"; };
		23D1AE86B44326A8525736E2 /* CoffeeShopDetail.h */ = {isa = PBXFileReference; fileEncoding = 4; lastKnownFileType = sourcecode.c.h; path = CoffeeShopDetail.h; sourceTree = "<group>"; };
		23D1AE90B22EF5500267ECBD /* CoffeeShop.h */ = {isa = PBXFileReference; fileEncoding = 4; lastKnownFileType = sourcecode.c.h; path = CoffeeShop.h; sourceTree = "<group>"; };
		23D1AF3067EB607F0EEB3682 /* LogoutState.m */ = {isa = PBXFileReference; fileEncoding = 4; lastKnownFileType = sourcecode.c.objc; path = LogoutState.m; sourceTree = "<group>"; };
		23D1AF548060079D38D25BF2 /* LogingState.h */ = {isa = PBXFileReference; fileEncoding = 4; lastKnownFileType = sourcecode.c.h; path = LogingState.h; sourceTree = "<group>"; };
		23D1AFE4F0985AEC60D83452 /* AbstractPref.m */ = {isa = PBXFileReference; fileEncoding = 4; lastKnownFileType = sourcecode.c.objc; path = AbstractPref.m; sourceTree = "<group>"; };
		23D1AFF7D00EDDCD6B5E195C /* TRAnnotation.m */ = {isa = PBXFileReference; fileEncoding = 4; lastKnownFileType = sourcecode.c.objc; path = TRAnnotation.m; sourceTree = "<group>"; };
		23D1AFF812EA31A3594E08DF /* AddShopViewController.m */ = {isa = PBXFileReference; fileEncoding = 4; lastKnownFileType = sourcecode.c.objc; path = AddShopViewController.m; sourceTree = "<group>"; };
		61E150C746AD469B8E8930EA /* libPods-Tests.a */ = {isa = PBXFileReference; explicitFileType = archive.ar; includeInIndex = 0; path = "libPods-Tests.a"; sourceTree = BUILT_PRODUCTS_DIR; };
		697CFABA8DE8472CA1DFC7CF /* Pods-Tests.xcconfig */ = {isa = PBXFileReference; includeInIndex = 1; lastKnownFileType = text.xcconfig; name = "Pods-Tests.xcconfig"; path = "Pods/Pods-Tests.xcconfig"; sourceTree = "<group>"; };
		93305DB8A51B4F7C8612558D /* MyTest.m */ = {isa = PBXFileReference; includeInIndex = 1; lastKnownFileType = sourcecode.c.objc; name = MyTest.m; path = Tests/MyTest.m; sourceTree = "<group>"; };
		9D93F483162E4AB69AFBADF4 /* CoffeeManagerTests.m */ = {isa = PBXFileReference; includeInIndex = 1; lastKnownFileType = sourcecode.c.objc; name = CoffeeManagerTests.m; path = Tests/CoffeeManagerTests.m; sourceTree = "<group>"; };
		BB46A6B010F648FCB20DA62E /* libPods.a */ = {isa = PBXFileReference; explicitFileType = archive.ar; includeInIndex = 0; path = libPods.a; sourceTree = BUILT_PRODUCTS_DIR; };
		E61A57B23725472BB94B0B1C /* Tests.app */ = {isa = PBXFileReference; explicitFileType = wrapper.application; includeInIndex = 0; path = Tests.app; sourceTree = BUILT_PRODUCTS_DIR; };
		E8C78E996A5B4AFCB18A1A89 /* Pods.xcconfig */ = {isa = PBXFileReference; includeInIndex = 1; lastKnownFileType = text.xcconfig; name = Pods.xcconfig; path = Pods/Pods.xcconfig; sourceTree = "<group>"; };
/* End PBXFileReference section */

/* Begin PBXFrameworksBuildPhase section */
		1958467D17C266C8004B8592 /* Frameworks */ = {
			isa = PBXFrameworksBuildPhase;
			buildActionMask = 2147483647;
			files = (
				197952481892B61500B9DA3D /* AddressBookUI.framework in Frameworks */,
				195E62BA17E59EF600576209 /* QuartzCore.framework in Frameworks */,
				191AED4D17C5AA18003B10F0 /* CoreLocation.framework in Frameworks */,
				191AED4217C33E39003B10F0 /* MapKit.framework in Frameworks */,
				1958468417C266C8004B8592 /* UIKit.framework in Frameworks */,
				1958468617C266C8004B8592 /* Foundation.framework in Frameworks */,
				1958468817C266C8004B8592 /* CoreGraphics.framework in Frameworks */,
				77C84B90CB00466CBFC937DA /* libPods.a in Frameworks */,
			);
			runOnlyForDeploymentPostprocessing = 0;
		};
		D4C9747CC7BE4E4EB8DD18C0 /* Frameworks */ = {
			isa = PBXFrameworksBuildPhase;
			buildActionMask = 2147483647;
			files = (
				1AA4FF5A9F004E9C8A02FCE8 /* Foundation.framework in Frameworks */,
				5C1EFC09862F408F8E32E1F8 /* libPods-Tests.a in Frameworks */,
			);
			runOnlyForDeploymentPostprocessing = 0;
		};
/* End PBXFrameworksBuildPhase section */

/* Begin PBXGroup section */
		194B1E6A18855F3A004FCBA7 /* lib */ = {
			isa = PBXGroup;
			children = (
				194B1E6B18855F3A004FCBA7 /* MJPopup */,
			);
			path = lib;
			sourceTree = "<group>";
		};
		194B1E6B18855F3A004FCBA7 /* MJPopup */ = {
			isa = PBXGroup;
			children = (
				194B1E6C18855F3A004FCBA7 /* MJPopupBackgroundView.h */,
				194B1E6D18855F3A004FCBA7 /* MJPopupBackgroundView.m */,
				194B1E6E18855F3A004FCBA7 /* UIViewController+MJPopupViewController.h */,
				194B1E6F18855F3A004FCBA7 /* UIViewController+MJPopupViewController.m */,
			);
			path = MJPopup;
			sourceTree = "<group>";
		};
		194B1E72188564A8004FCBA7 /* model */ = {
			isa = PBXGroup;
			children = (
				19D5856F188C0B840086DA82 /* Pref.h */,
				19D58570188C0B840086DA82 /* Pref.m */,
				23D1A702A947B002EC72EBD7 /* CoffeeShop.m */,
				23D1AE90B22EF5500267ECBD /* CoffeeShop.h */,
				23D1AFF7D00EDDCD6B5E195C /* TRAnnotation.m */,
				23D1A7C2FEB8595DE0EA707A /* TRAnnotation.h */,
				23D1AC3492DC64A799EBE477 /* CoffeeShop+Strings.m */,
				23D1A3B4CB58F83AA30C1195 /* CoffeeShop+Strings.h */,
				23D1A09CCED36E427FB0EEA5 /* CoffeeShopDetail.m */,
				23D1AE86B44326A8525736E2 /* CoffeeShopDetail.h */,
				23D1A7F48C035587C1E9D2D1 /* SubmitInfo.m */,
				23D1A95738A865504909BF24 /* SubmitInfo.h */,
				23D1AFE4F0985AEC60D83452 /* AbstractPref.m */,
				23D1A8D3129C44C831678F98 /* AbstractPref.h */,
				23D1AE0AC8D4D3CF56EF0449 /* TRFilterState.h */,
				23D1AE674B91BB25AE80B7B5 /* TRFilterState.m */,
			);
			path = model;
			sourceTree = "<group>";
		};
		194B1E7F1885654F004FCBA7 /* util */ = {
			isa = PBXGroup;
			children = (
				19D5856B1889948E0086DA82 /* UIColor+Util.h */,
				19D5856C1889948E0086DA82 /* UIColor+Util.m */,
				194B1E801885654F004FCBA7 /* I18N.h */,
				194B1E811885654F004FCBA7 /* I18N.m */,
				194B1E821885654F004FCBA7 /* NSString+Util.h */,
				194B1E831885654F004FCBA7 /* NSString+Util.m */,
				194B1E861885654F004FCBA7 /* Views.h */,
				194B1E871885654F004FCBA7 /* Views.m */,
				23D1A1468711D39C6AB838AA /* System.h */,
				23D1A3C17A2C3980E9A6CAF0 /* System.m */,
				23D1A499DEBCC1E0D2F1CD94 /* MKMapView+ZoomLevel.m */,
				23D1AD2FB23E68372C3FB2FC /* MKMapView+ZoomLevel.h */,
				23D1A31676E778A8DA50503A /* UINavigationItem+Util.m */,
				23D1A398EC5FB31F0218DACE /* UINavigationItem+Util.h */,
				23D1A334A1C2A2D172ACF83B /* UIImage+Util.h */,
				23D1A86B7CF0A3C534075EE6 /* UIImage+Util.m */,
			);
			path = util;
			sourceTree = "<group>";
		};
		194B1E8C18856618004FCBA7 /* viewcontroller */ = {
			isa = PBXGroup;
			children = (
				194B1E8F18856618004FCBA7 /* LoginViewController.h */,
				194B1E9018856618004FCBA7 /* LoginViewController.m */,
				194B1E9118856618004FCBA7 /* MainViewController.h */,
				194B1E9218856618004FCBA7 /* MainViewController.m */,
				23D1A27A8488A14E95502F4D /* DetailViewController.m */,
				23D1AE3A3B1B2099ADAE6A6D /* DetailViewController.h */,
				23D1A2766A81E8DDBBA97A46 /* SignUpViewController.m */,
				23D1AAEFEB44AAA3F5A88225 /* SignUpViewController.h */,
				23D1A88D12B7F2948BAAC6F0 /* AbstractUIViewController.m */,
				23D1AAC4487A1510BC025964 /* AbstractUIViewController.h */,
				23D1A93746AEE103AF74DD26 /* LeftDrawerController.m */,
				23D1A73B4BD33E5752EC8D66 /* LeftDrawerController.h */,
				23D1AFF812EA31A3594E08DF /* AddShopViewController.m */,
				23D1AC024B7C9EB60CB43861 /* AddShopViewController.h */,
				23D1A4636A449BF441538AD1 /* SettingController.m */,
				23D1A646E75AD076769EA43A /* SettingController.h */,
				23D1A3020509751B890F0D86 /* DistancePickViewController.m */,
				23D1A838E95E2123BD575694 /* DistancePickViewController.h */,
			);
			path = viewcontroller;
			sourceTree = "<group>";
		};
		194B1EA5188566FF004FCBA7 /* manager */ = {
			isa = PBXGroup;
			children = (
				23D1AC8EF72D800DBE6619AA /* CoffeeManager.m */,
				23D1A3251F2E796969FF73F9 /* CoffeeManager.h */,
				23D1A326D67B1D409AD436E2 /* CoffeeService.m */,
				23D1A5DB53CEE6694FC6C18F /* CoffeeService.h */,
			);
			path = manager;
			sourceTree = "<group>";
		};
		1958467717C266C8004B8592 = {
			isa = PBXGroup;
			children = (
				194B1E6A18855F3A004FCBA7 /* lib */,
				192F311217D0F77D00509135 /* image */,
				191AED4A17C4F951003B10F0 /* res */,
				1958468917C266C8004B8592 /* thor */,
				1958468217C266C8004B8592 /* Frameworks */,
				1958468117C266C8004B8592 /* Products */,
				E8C78E996A5B4AFCB18A1A89 /* Pods.xcconfig */,
				22BB4760B6364713BBC91FED /* Tests */,
				697CFABA8DE8472CA1DFC7CF /* Pods-Tests.xcconfig */,
			);
			sourceTree = "<group>";
		};
		1958468117C266C8004B8592 /* Products */ = {
			isa = PBXGroup;
			children = (
				1958468017C266C8004B8592 /* thor.app */,
				E61A57B23725472BB94B0B1C /* Tests.app */,
			);
			name = Products;
			sourceTree = "<group>";
		};
		1958468217C266C8004B8592 /* Frameworks */ = {
			isa = PBXGroup;
			children = (
				197952471892B61500B9DA3D /* AddressBookUI.framework */,
				197952451892B5DF00B9DA3D /* AddressBook.framework */,
				195E62B917E59EF600576209 /* QuartzCore.framework */,
				191AED4C17C5AA18003B10F0 /* CoreLocation.framework */,
				191AED4117C33E39003B10F0 /* MapKit.framework */,
				1958468317C266C8004B8592 /* UIKit.framework */,
				1958468517C266C8004B8592 /* Foundation.framework */,
				1958468717C266C8004B8592 /* CoreGraphics.framework */,
				BB46A6B010F648FCB20DA62E /* libPods.a */,
				8AB5B0AEF9144891BB2BFDE2 /* iOS */,
				61E150C746AD469B8E8930EA /* libPods-Tests.a */,
			);
			name = Frameworks;
			sourceTree = "<group>";
		};
		1958468917C266C8004B8592 /* thor */ = {
			isa = PBXGroup;
			children = (
				197D92CA1890093D008B135A /* appearance */,
				19D5856E188BFA800086DA82 /* statemachine */,
				19D5856A188988FC0086DA82 /* constant */,
				194B1EA5188566FF004FCBA7 /* manager */,
				194B1E8C18856618004FCBA7 /* viewcontroller */,
				194B1E7F1885654F004FCBA7 /* util */,
				194B1E72188564A8004FCBA7 /* model */,
				19D1E36017DC6F3C00F98548 /* view */,
				1958469217C266C8004B8592 /* thorAppDelegate.h */,
				1958469317C266C8004B8592 /* thorAppDelegate.m */,
				1958468A17C266C8004B8592 /* Supporting Files */,
				23D1A0213F5B3C9CE58B7C22 /* uis */,
				23D1A75D601DACC98C2F6F82 /* external */,
			);
			path = thor;
			sourceTree = "<group>";
		};
		1958468A17C266C8004B8592 /* Supporting Files */ = {
			isa = PBXGroup;
			children = (
				1958468B17C266C8004B8592 /* thor-Info.plist */,
				1958468C17C266C8004B8592 /* InfoPlist.strings */,
				1955A56D17E3178100BEF77F /* Localizable.strings */,
				1958468F17C266C8004B8592 /* main.m */,
				1958469117C266C8004B8592 /* thor-Prefix.pch */,
				1958469517C266C8004B8592 /* Default.png */,
				1958469717C266C8004B8592 /* Default@2x.png */,
				1958469917C266C8004B8592 /* Default-568h@2x.png */,
			);
			name = "Supporting Files";
			sourceTree = "<group>";
		};
		197D92CA1890093D008B135A /* appearance */ = {
			isa = PBXGroup;
			children = (
				23D1A73222B0E6C346CB77F5 /* UINavigationBar+Appearance.m */,
				23D1A8FC954617646ACA6350 /* UINavigationBar+Appearance.h */,
			);
			path = appearance;
			sourceTree = "<group>";
		};
		19D1E36017DC6F3C00F98548 /* view */ = {
			isa = PBXGroup;
			children = (
				23D1AC9BBF56282E4512F9F7 /* ThorNavigationController.m */,
				23D1A0538595D89239E252D6 /* ThorNavigationController.h */,
			);
			name = view;
			sourceTree = "<group>";
		};
		19D5856A188988FC0086DA82 /* constant */ = {
			isa = PBXGroup;
			children = (
				23D1AA16F1846149509F9444 /* UIColor+Constant.m */,
				23D1A0D773C7C998B07C2BA6 /* UIColor+Constant.h */,
			);
			path = constant;
			sourceTree = "<group>";
		};
		19D5856E188BFA800086DA82 /* statemachine */ = {
			isa = PBXGroup;
			children = (
				23D1A1CDD7F7F79D53004C90 /* AbstractState.m */,
				23D1A0BFC6EA19ACBE2C4A35 /* AbstractState.h */,
				23D1AF3067EB607F0EEB3682 /* LogoutState.m */,
				23D1AB80F2A22133B19F5B0F /* LogoutState.h */,
				23D1AD7599D1816C1FB154C7 /* LogingState.m */,
				23D1AF548060079D38D25BF2 /* LogingState.h */,
				23D1A9662F95D333D7E3D6B1 /* LoginState.m */,
				23D1A740CB25632BD838B160 /* LoginState.h */,
				23D1A9F340E9867E1F0792E2 /* LogStateMachine.m */,
				23D1A42B8EF619CFF442DA0F /* LogStateMachine.h */,
			);
			path = statemachine;
			sourceTree = "<group>";
		};
		22BB4760B6364713BBC91FED /* Tests */ = {
			isa = PBXGroup;
			children = (
				112B9C38FE3445FCA7764C4F /* main.m */,
				93305DB8A51B4F7C8612558D /* MyTest.m */,
				9D93F483162E4AB69AFBADF4 /* CoffeeManagerTests.m */,
			);
			name = Tests;
			sourceTree = "<group>";
		};
		23D1A0213F5B3C9CE58B7C22 /* uis */ = {
			isa = PBXGroup;
			children = (
				23D1A243DA38B16BA100F0C6 /* ThorUis.m */,
				23D1A251A54477874EEDE336 /* ThorUis.h */,
			);
			path = uis;
			sourceTree = "<group>";
		};
		23D1A75D601DACC98C2F6F82 /* external */ = {
			isa = PBXGroup;
			children = (
				23D1A9FCCC2E0D16F55744A0 /* ExternalApp.m */,
				23D1ACB703730537CED19AED /* ExternalApp.h */,
			);
			path = external;
			sourceTree = "<group>";
		};
		8AB5B0AEF9144891BB2BFDE2 /* iOS */ = {
			isa = PBXGroup;
			children = (
				1E81F73A866C44F59173D2A0 /* Foundation.framework */,
			);
			name = iOS;
			sourceTree = "<group>";
		};
/* End PBXGroup section */

/* Begin PBXNativeTarget section */
		1958467F17C266C8004B8592 /* thor */ = {
			isa = PBXNativeTarget;
			buildConfigurationList = 1958469D17C266C8004B8592 /* Build configuration list for PBXNativeTarget "thor" */;
			buildPhases = (
				9BD60484A47F4C64B727EA6D /* Check Pods Manifest.lock */,
				1958467C17C266C8004B8592 /* Sources */,
				1958467D17C266C8004B8592 /* Frameworks */,
				1958467E17C266C8004B8592 /* Resources */,
				FC0E89A40C124D749587B785 /* Copy Pods Resources */,
			);
			buildRules = (
			);
			dependencies = (
			);
			name = thor;
			productName = thor;
			productReference = 1958468017C266C8004B8592 /* thor.app */;
			productType = "com.apple.product-type.application";
		};
		C3D9CB80B4B74A90BE785CE6 /* Tests */ = {
			isa = PBXNativeTarget;
			buildConfigurationList = 78AE1196D31E48B4983C5DF0 /* Build configuration list for PBXNativeTarget "Tests" */;
			buildPhases = (
				9C0151EB626B48508D880141 /* Check Pods Manifest.lock */,
				689558FB88714783B111FB2C /* Sources */,
				D4C9747CC7BE4E4EB8DD18C0 /* Frameworks */,
				1958467E17C266C8004B8592 /* Resources */,
				4C2C900A1BCE44E483F24673 /* Copy Pods Resources */,
			);
			buildRules = (
			);
			dependencies = (
				59562ACA452E468CA30CD72F /* PBXTargetDependency */,
			);
			name = Tests;
			productName = Tests;
			productReference = E61A57B23725472BB94B0B1C /* Tests.app */;
			productType = "com.apple.product-type.application";
		};
/* End PBXNativeTarget section */

/* Begin PBXProject section */
		1958467817C266C8004B8592 /* Project object */ = {
			isa = PBXProject;
			attributes = {
				CLASSPREFIX = thor;
				LastUpgradeCheck = 0460;
				ORGANIZATIONNAME = ThousandSquare;
			};
			buildConfigurationList = 1958467B17C266C8004B8592 /* Build configuration list for PBXProject "thor" */;
			compatibilityVersion = "Xcode 3.2";
			developmentRegion = English;
			hasScannedForEncodings = 0;
			knownRegions = (
				en,
				"zh-Hant",
			);
			mainGroup = 1958467717C266C8004B8592;
			productRefGroup = 1958468117C266C8004B8592 /* Products */;
			projectDirPath = "";
			projectReferences = (
			);
			projectRoot = "";
			targets = (
				1958467F17C266C8004B8592 /* thor */,
				C3D9CB80B4B74A90BE785CE6 /* Tests */,
			);
		};
/* End PBXProject section */

/* Begin PBXResourcesBuildPhase section */
		1958467E17C266C8004B8592 /* Resources */ = {
			isa = PBXResourcesBuildPhase;
			buildActionMask = 2147483647;
			files = (
				1958468E17C266C8004B8592 /* InfoPlist.strings in Resources */,
				1958469617C266C8004B8592 /* Default.png in Resources */,
				1958469817C266C8004B8592 /* Default@2x.png in Resources */,
				1958469A17C266C8004B8592 /* Default-568h@2x.png in Resources */,
				191AED4B17C4F951003B10F0 /* res in Resources */,
				192F311317D0F77D00509135 /* image in Resources */,
				1955A56B17E3178100BEF77F /* Localizable.strings in Resources */,
			);
			runOnlyForDeploymentPostprocessing = 0;
		};
/* End PBXResourcesBuildPhase section */

/* Begin PBXShellScriptBuildPhase section */
		4C2C900A1BCE44E483F24673 /* Copy Pods Resources */ = {
			isa = PBXShellScriptBuildPhase;
			buildActionMask = 2147483647;
			files = (
			);
			inputPaths = (
			);
			name = "Copy Pods Resources";
			outputPaths = (
			);
			runOnlyForDeploymentPostprocessing = 0;
			shellPath = /bin/sh;
			shellScript = "\"${SRCROOT}/Pods/Pods-Tests-resources.sh\"\n";
			showEnvVarsInLog = 0;
		};
		9BD60484A47F4C64B727EA6D /* Check Pods Manifest.lock */ = {
			isa = PBXShellScriptBuildPhase;
			buildActionMask = 2147483647;
			files = (
			);
			inputPaths = (
			);
			name = "Check Pods Manifest.lock";
			outputPaths = (
			);
			runOnlyForDeploymentPostprocessing = 0;
			shellPath = /bin/sh;
			shellScript = "diff \"${PODS_ROOT}/../Podfile.lock\" \"${PODS_ROOT}/Manifest.lock\" > /dev/null\nif [[ $? != 0 ]] ; then\n    cat << EOM\nerror: The sandbox is not in sync with the Podfile.lock. Run 'pod install' or update your CocoaPods installation.\nEOM\n    exit 1\nfi\n";
			showEnvVarsInLog = 0;
		};
		9C0151EB626B48508D880141 /* Check Pods Manifest.lock */ = {
			isa = PBXShellScriptBuildPhase;
			buildActionMask = 2147483647;
			files = (
			);
			inputPaths = (
			);
			name = "Check Pods Manifest.lock";
			outputPaths = (
			);
			runOnlyForDeploymentPostprocessing = 0;
			shellPath = /bin/sh;
			shellScript = "diff \"${PODS_ROOT}/../Podfile.lock\" \"${PODS_ROOT}/Manifest.lock\" > /dev/null\nif [[ $? != 0 ]] ; then\n    cat << EOM\nerror: The sandbox is not in sync with the Podfile.lock. Run 'pod install' or update your CocoaPods installation.\nEOM\n    exit 1\nfi\n";
			showEnvVarsInLog = 0;
		};
		FC0E89A40C124D749587B785 /* Copy Pods Resources */ = {
			isa = PBXShellScriptBuildPhase;
			buildActionMask = 2147483647;
			files = (
			);
			inputPaths = (
			);
			name = "Copy Pods Resources";
			outputPaths = (
			);
			runOnlyForDeploymentPostprocessing = 0;
			shellPath = /bin/sh;
			shellScript = "\"${SRCROOT}/Pods/Pods-resources.sh\"\n";
			showEnvVarsInLog = 0;
		};
/* End PBXShellScriptBuildPhase section */

/* Begin PBXSourcesBuildPhase section */
		1958467C17C266C8004B8592 /* Sources */ = {
			isa = PBXSourcesBuildPhase;
			buildActionMask = 2147483647;
			files = (
				1958469017C266C8004B8592 /* main.m in Sources */,
				1958469417C266C8004B8592 /* thorAppDelegate.m in Sources */,
				194B1E891885654F004FCBA7 /* NSString+Util.m in Sources */,
				194B1E9F18856618004FCBA7 /* MainViewController.m in Sources */,
				194B1E7118855F3A004FCBA7 /* UIViewController+MJPopupViewController.m in Sources */,
				194B1E8B1885654F004FCBA7 /* Views.m in Sources */,
				194B1E881885654F004FCBA7 /* I18N.m in Sources */,
				194B1E7018855F3A004FCBA7 /* MJPopupBackgroundView.m in Sources */,
				23D1A7F5F809766DC9C7D2EE /* ThorNavigationController.m in Sources */,
				194B1E9E18856618004FCBA7 /* LoginViewController.m in Sources */,
				23D1A49A66472AAD3B75B44A /* CoffeeManager.m in Sources */,
				19D58571188C0B840086DA82 /* Pref.m in Sources */,
				23D1A01456E0168690DFD20D /* CoffeeShop.m in Sources */,
				23D1AA59B69DC6F116A1A180 /* TRAnnotation.m in Sources */,
				23D1A6EE325FF366C4CE14AC /* CoffeeShop+Strings.m in Sources */,
				23D1A48C49168AB057EF6D05 /* DetailViewController.m in Sources */,
				19D5856D1889948E0086DA82 /* UIColor+Util.m in Sources */,
				23D1A4FA5078287033E22B22 /* CoffeeService.m in Sources */,
				23D1A42F470001D0894B8ADC /* UIColor+Constant.m in Sources */,
				23D1A5EEA9EBAC2FD78449A2 /* CoffeeShopDetail.m in Sources */,
				23D1AFCBC759CBFFD96D5443 /* AbstractState.m in Sources */,
				23D1A0907F15ACB7C83C2A37 /* LogoutState.m in Sources */,
				23D1AAA666E4D17926AC985F /* LogingState.m in Sources */,
				23D1A7B8B1FF42FD6C55C0BF /* LoginState.m in Sources */,
				23D1ABCB3AC6E3DDA0F45D4E /* LogStateMachine.m in Sources */,
				23D1A738EAEF2E2FC533C752 /* SignUpViewController.m in Sources */,
				23D1ABA36B8175AE87BBBECA /* AbstractUIViewController.m in Sources */,
				23D1A391C2ADA57631EF0D74 /* System.m in Sources */,
				23D1A2937854FB6F0786E13B /* LeftDrawerController.m in Sources */,
				23D1A6E0C4047D78369E49D2 /* UINavigationBar+Appearance.m in Sources */,
				23D1A0802F8614F2F8CB2131 /* AddShopViewController.m in Sources */,
				23D1A066EB52712B23F811C3 /* SubmitInfo.m in Sources */,
				23D1A24BEC21E583500E5167 /* MKMapView+ZoomLevel.m in Sources */,
				23D1AAB68B739D768A1C33BA /* UINavigationItem+Util.m in Sources */,
				23D1A62022DEE8338D98E6AE /* UIImage+Util.m in Sources */,
				23D1AE4499B34B0941E7FEA2 /* AbstractPref.m in Sources */,
				23D1AFB5453C919E0EE1499A /* SettingController.m in Sources */,
				23D1ADAF7031590D64AE4C1A /* ThorUis.m in Sources */,
				23D1A49FEAC497E4D78696F3 /* DistancePickViewController.m in Sources */,
				23D1AC4C3429E9871F6C6617 /* ExternalApp.m in Sources */,
				23D1AAB789294401C3EED352 /* TRFilterState.m in Sources */,
			);
			runOnlyForDeploymentPostprocessing = 0;
		};
		689558FB88714783B111FB2C /* Sources */ = {
			isa = PBXSourcesBuildPhase;
			buildActionMask = 2147483647;
			files = (
				00092FC9DEA84E2BBA274C70 /* main.m in Sources */,
				2E3BC82F225A458B8DE73188 /* MyTest.m in Sources */,
				4AA0266F4E8C41F7B00D5A05 /* CoffeeManagerTests.m in Sources */,
			);
			runOnlyForDeploymentPostprocessing = 0;
		};
/* End PBXSourcesBuildPhase section */

/* Begin PBXTargetDependency section */
		59562ACA452E468CA30CD72F /* PBXTargetDependency */ = {
			isa = PBXTargetDependency;
			target = 1958467F17C266C8004B8592 /* thor */;
			targetProxy = CF451326B8AC41858C053B59 /* PBXContainerItemProxy */;
		};
/* End PBXTargetDependency section */

/* Begin PBXVariantGroup section */
		1955A56D17E3178100BEF77F /* Localizable.strings */ = {
			isa = PBXVariantGroup;
			children = (
				1955A56E17E3179700BEF77F /* en */,
				1955A56F17E317F400BEF77F /* zh-Hant */,
			);
			name = Localizable.strings;
			sourceTree = "<group>";
		};
		1958468C17C266C8004B8592 /* InfoPlist.strings */ = {
			isa = PBXVariantGroup;
			children = (
				1958468D17C266C8004B8592 /* en */,
				1955A56717E2079400BEF77F /* zh-Hant */,
			);
			name = InfoPlist.strings;
			sourceTree = "<group>";
		};
/* End PBXVariantGroup section */

/* Begin XCBuildConfiguration section */
		1958469B17C266C8004B8592 /* Debug */ = {
			isa = XCBuildConfiguration;
			buildSettings = {
				ALWAYS_SEARCH_USER_PATHS = NO;
				CLANG_CXX_LANGUAGE_STANDARD = "gnu++0x";
				CLANG_CXX_LIBRARY = "libc++";
				CLANG_ENABLE_OBJC_ARC = YES;
				CLANG_WARN_CONSTANT_CONVERSION = YES;
				CLANG_WARN_EMPTY_BODY = YES;
				CLANG_WARN_ENUM_CONVERSION = YES;
				CLANG_WARN_INT_CONVERSION = YES;
				CLANG_WARN__DUPLICATE_METHOD_MATCH = YES;
				"CODE_SIGN_IDENTITY[sdk=iphoneos*]" = "iPhone Developer";
				COPY_PHASE_STRIP = NO;
				GCC_C_LANGUAGE_STANDARD = gnu99;
				GCC_DYNAMIC_NO_PIC = NO;
				GCC_OPTIMIZATION_LEVEL = 0;
				GCC_PREPROCESSOR_DEFINITIONS = (
					"DEBUG=1",
					"$(inherited)",
				);
				GCC_SYMBOLS_PRIVATE_EXTERN = NO;
				GCC_WARN_ABOUT_RETURN_TYPE = YES;
				GCC_WARN_UNINITIALIZED_AUTOS = YES;
				GCC_WARN_UNUSED_VARIABLE = YES;
				IPHONEOS_DEPLOYMENT_TARGET = 6.1;
				ONLY_ACTIVE_ARCH = YES;
				SDKROOT = iphoneos;
			};
			name = Debug;
		};
		1958469C17C266C8004B8592 /* Release */ = {
			isa = XCBuildConfiguration;
			buildSettings = {
				ALWAYS_SEARCH_USER_PATHS = NO;
				CLANG_CXX_LANGUAGE_STANDARD = "gnu++0x";
				CLANG_CXX_LIBRARY = "libc++";
				CLANG_ENABLE_OBJC_ARC = YES;
				CLANG_WARN_CONSTANT_CONVERSION = YES;
				CLANG_WARN_EMPTY_BODY = YES;
				CLANG_WARN_ENUM_CONVERSION = YES;
				CLANG_WARN_INT_CONVERSION = YES;
				CLANG_WARN__DUPLICATE_METHOD_MATCH = YES;
				"CODE_SIGN_IDENTITY[sdk=iphoneos*]" = "iPhone Developer";
				COPY_PHASE_STRIP = YES;
				GCC_C_LANGUAGE_STANDARD = gnu99;
				GCC_WARN_ABOUT_RETURN_TYPE = YES;
				GCC_WARN_UNINITIALIZED_AUTOS = YES;
				GCC_WARN_UNUSED_VARIABLE = YES;
				IPHONEOS_DEPLOYMENT_TARGET = 6.1;
				OTHER_CFLAGS = "-DNS_BLOCK_ASSERTIONS=1";
				SDKROOT = iphoneos;
				VALIDATE_PRODUCT = YES;
			};
			name = Release;
		};
		1958469E17C266C8004B8592 /* Debug */ = {
			isa = XCBuildConfiguration;
			baseConfigurationReference = E8C78E996A5B4AFCB18A1A89 /* Pods.xcconfig */;
			buildSettings = {
				GCC_PRECOMPILE_PREFIX_HEADER = YES;
				GCC_PREFIX_HEADER = "thor/thor-Prefix.pch";
				INFOPLIST_FILE = "thor/thor-Info.plist";
				PRODUCT_NAME = "$(TARGET_NAME)";
				USER_HEADER_SEARCH_PATHS = "\"${PROJECT_DIR}/Pods\"/**";
				WRAPPER_EXTENSION = app;
			};
			name = Debug;
		};
		1958469F17C266C8004B8592 /* Release */ = {
			isa = XCBuildConfiguration;
			baseConfigurationReference = E8C78E996A5B4AFCB18A1A89 /* Pods.xcconfig */;
			buildSettings = {
				GCC_PRECOMPILE_PREFIX_HEADER = YES;
				GCC_PREFIX_HEADER = "thor/thor-Prefix.pch";
				INFOPLIST_FILE = "thor/thor-Info.plist";
				PRODUCT_NAME = "$(TARGET_NAME)";
				USER_HEADER_SEARCH_PATHS = "\"${PROJECT_DIR}/Pods\"/**";
				WRAPPER_EXTENSION = app;
			};
			name = Release;
		};
		8FB58C7855464028A86DC2E7 /* Debug */ = {
			isa = XCBuildConfiguration;
			baseConfigurationReference = 697CFABA8DE8472CA1DFC7CF /* Pods-Tests.xcconfig */;
			buildSettings = {
				ALWAYS_SEARCH_USER_PATHS = NO;
				COPY_PHASE_STRIP = NO;
				DSTROOT = /tmp/xcodeproj.dst;
				GCC_C_LANGUAGE_STANDARD = gnu99;
				GCC_DYNAMIC_NO_PIC = NO;
				GCC_OPTIMIZATION_LEVEL = 0;
				GCC_PRECOMPILE_PREFIX_HEADER = YES;
				GCC_PREFIX_HEADER = "thor/thor-Prefix.pch";
				GCC_PREPROCESSOR_DEFINITIONS = (
					"DEBUG=1",
					"$(inherited)",
				);
				GCC_SYMBOLS_PRIVATE_EXTERN = NO;
				GCC_VERSION = com.apple.compilers.llvm.clang.1_0;
				INFOPLIST_FILE = "Tests/Tests-Info.plist";
				INSTALL_PATH = "$(BUILT_PRODUCTS_DIR)";
				IPHONEOS_DEPLOYMENT_TARGET = 7.0;
				PRODUCT_NAME = "$(TARGET_NAME)";
				PUBLIC_HEADERS_FOLDER_PATH = "$(TARGET_NAME)";
				SDKROOT = iphoneos;
				SKIP_INSTALL = YES;
			};
			name = Debug;
		};
		BFBB3EA11CF44E9FAA578EE2 /* Release */ = {
			isa = XCBuildConfiguration;
			baseConfigurationReference = 697CFABA8DE8472CA1DFC7CF /* Pods-Tests.xcconfig */;
			buildSettings = {
				ALWAYS_SEARCH_USER_PATHS = NO;
				COPY_PHASE_STRIP = YES;
				DSTROOT = /tmp/xcodeproj.dst;
				GCC_C_LANGUAGE_STANDARD = gnu99;
				GCC_PRECOMPILE_PREFIX_HEADER = YES;
				GCC_PREFIX_HEADER = "thor/thor-Prefix.pch";
				GCC_VERSION = com.apple.compilers.llvm.clang.1_0;
				INFOPLIST_FILE = "Tests/Tests-Info.plist";
				INSTALL_PATH = "$(BUILT_PRODUCTS_DIR)";
				IPHONEOS_DEPLOYMENT_TARGET = 7.0;
				OTHER_CFLAGS = (
					"-DNS_BLOCK_ASSERTIONS=1",
					"$(inherited)",
				);
				OTHER_CPLUSPLUSFLAGS = (
					"-DNS_BLOCK_ASSERTIONS=1",
					"$(inherited)",
				);
				PRODUCT_NAME = "$(TARGET_NAME)";
				PUBLIC_HEADERS_FOLDER_PATH = "$(TARGET_NAME)";
				SDKROOT = iphoneos;
				SKIP_INSTALL = YES;
				VALIDATE_PRODUCT = YES;
			};
			name = Release;
		};
/* End XCBuildConfiguration section */

/* Begin XCConfigurationList section */
		1958467B17C266C8004B8592 /* Build configuration list for PBXProject "thor" */ = {
			isa = XCConfigurationList;
			buildConfigurations = (
				1958469B17C266C8004B8592 /* Debug */,
				1958469C17C266C8004B8592 /* Release */,
			);
			defaultConfigurationIsVisible = 0;
			defaultConfigurationName = Release;
		};
		1958469D17C266C8004B8592 /* Build configuration list for PBXNativeTarget "thor" */ = {
			isa = XCConfigurationList;
			buildConfigurations = (
				1958469E17C266C8004B8592 /* Debug */,
				1958469F17C266C8004B8592 /* Release */,
			);
			defaultConfigurationIsVisible = 0;
			defaultConfigurationName = Release;
		};
		78AE1196D31E48B4983C5DF0 /* Build configuration list for PBXNativeTarget "Tests" */ = {
			isa = XCConfigurationList;
			buildConfigurations = (
				BFBB3EA11CF44E9FAA578EE2 /* Release */,
				8FB58C7855464028A86DC2E7 /* Debug */,
			);
			defaultConfigurationIsVisible = 0;
			defaultConfigurationName = Release;
		};
/* End XCConfigurationList section */
	};
	rootObject = 1958467817C266C8004B8592 /* Project object */;
}
