<?xml version="1.0" encoding="UTF-8"?>
<!DOCTYPE plist PUBLIC "-//Apple//DTD PLIST 1.0//EN" "http://www.apple.com/DTDs/PropertyList-1.0.dtd">
<plist version="1.0">
<dict>
	<key>archiveVersion</key>
	<string>1</string>
	<key>classes</key>
	<dict/>
	<key>objectVersion</key>
	<string>46</string>
	<key>objects</key>
	<dict>
		<key>00092FC9DEA84E2BBA274C70</key>
		<dict>
			<key>fileRef</key>
			<string>112B9C38FE3445FCA7764C4F</string>
			<key>isa</key>
			<string>PBXBuildFile</string>
		</dict>
		<key>112B9C38FE3445FCA7764C4F</key>
		<dict>
			<key>includeInIndex</key>
			<string>1</string>
			<key>isa</key>
			<string>PBXFileReference</string>
			<key>lastKnownFileType</key>
			<string>sourcecode.c.objc</string>
			<key>name</key>
			<string>main.m</string>
			<key>path</key>
			<string>Tests/main.m</string>
			<key>sourceTree</key>
			<string>&lt;group&gt;</string>
		</dict>
		<key>191AED4117C33E39003B10F0</key>
		<dict>
			<key>isa</key>
			<string>PBXFileReference</string>
			<key>lastKnownFileType</key>
			<string>wrapper.framework</string>
			<key>name</key>
			<string>MapKit.framework</string>
			<key>path</key>
			<string>System/Library/Frameworks/MapKit.framework</string>
			<key>sourceTree</key>
			<string>SDKROOT</string>
		</dict>
		<key>191AED4217C33E39003B10F0</key>
		<dict>
			<key>fileRef</key>
			<string>191AED4117C33E39003B10F0</string>
			<key>isa</key>
			<string>PBXBuildFile</string>
		</dict>
		<key>191AED4A17C4F951003B10F0</key>
		<dict>
			<key>isa</key>
			<string>PBXFileReference</string>
			<key>lastKnownFileType</key>
			<string>folder</string>
			<key>path</key>
			<string>res</string>
			<key>sourceTree</key>
			<string>&lt;group&gt;</string>
		</dict>
		<key>191AED4B17C4F951003B10F0</key>
		<dict>
			<key>fileRef</key>
			<string>191AED4A17C4F951003B10F0</string>
			<key>isa</key>
			<string>PBXBuildFile</string>
		</dict>
		<key>191AED4C17C5AA18003B10F0</key>
		<dict>
			<key>isa</key>
			<string>PBXFileReference</string>
			<key>lastKnownFileType</key>
			<string>wrapper.framework</string>
			<key>name</key>
			<string>CoreLocation.framework</string>
			<key>path</key>
			<string>System/Library/Frameworks/CoreLocation.framework</string>
			<key>sourceTree</key>
			<string>SDKROOT</string>
		</dict>
		<key>191AED4D17C5AA18003B10F0</key>
		<dict>
			<key>fileRef</key>
			<string>191AED4C17C5AA18003B10F0</string>
			<key>isa</key>
			<string>PBXBuildFile</string>
		</dict>
		<key>192F311217D0F77D00509135</key>
		<dict>
			<key>isa</key>
			<string>PBXFileReference</string>
			<key>lastKnownFileType</key>
			<string>folder</string>
			<key>path</key>
			<string>image</string>
			<key>sourceTree</key>
			<string>&lt;group&gt;</string>
		</dict>
		<key>192F311317D0F77D00509135</key>
		<dict>
			<key>fileRef</key>
			<string>192F311217D0F77D00509135</string>
			<key>isa</key>
			<string>PBXBuildFile</string>
		</dict>
		<key>194B1E6A18855F3A004FCBA7</key>
		<dict>
			<key>children</key>
			<array>
				<string>194B1E6B18855F3A004FCBA7</string>
			</array>
			<key>isa</key>
			<string>PBXGroup</string>
			<key>path</key>
			<string>lib</string>
			<key>sourceTree</key>
			<string>&lt;group&gt;</string>
		</dict>
		<key>194B1E6B18855F3A004FCBA7</key>
		<dict>
			<key>children</key>
			<array>
				<string>194B1E6C18855F3A004FCBA7</string>
				<string>194B1E6D18855F3A004FCBA7</string>
				<string>194B1E6E18855F3A004FCBA7</string>
				<string>194B1E6F18855F3A004FCBA7</string>
			</array>
			<key>isa</key>
			<string>PBXGroup</string>
			<key>path</key>
			<string>MJPopup</string>
			<key>sourceTree</key>
			<string>&lt;group&gt;</string>
		</dict>
		<key>194B1E6C18855F3A004FCBA7</key>
		<dict>
			<key>fileEncoding</key>
			<string>4</string>
			<key>isa</key>
			<string>PBXFileReference</string>
			<key>lastKnownFileType</key>
			<string>sourcecode.c.h</string>
			<key>path</key>
			<string>MJPopupBackgroundView.h</string>
			<key>sourceTree</key>
			<string>&lt;group&gt;</string>
		</dict>
		<key>194B1E6D18855F3A004FCBA7</key>
		<dict>
			<key>fileEncoding</key>
			<string>4</string>
			<key>isa</key>
			<string>PBXFileReference</string>
			<key>lastKnownFileType</key>
			<string>sourcecode.c.objc</string>
			<key>path</key>
			<string>MJPopupBackgroundView.m</string>
			<key>sourceTree</key>
			<string>&lt;group&gt;</string>
		</dict>
		<key>194B1E6E18855F3A004FCBA7</key>
		<dict>
			<key>fileEncoding</key>
			<string>4</string>
			<key>isa</key>
			<string>PBXFileReference</string>
			<key>lastKnownFileType</key>
			<string>sourcecode.c.h</string>
			<key>path</key>
			<string>UIViewController+MJPopupViewController.h</string>
			<key>sourceTree</key>
			<string>&lt;group&gt;</string>
		</dict>
		<key>194B1E6F18855F3A004FCBA7</key>
		<dict>
			<key>fileEncoding</key>
			<string>4</string>
			<key>isa</key>
			<string>PBXFileReference</string>
			<key>lastKnownFileType</key>
			<string>sourcecode.c.objc</string>
			<key>path</key>
			<string>UIViewController+MJPopupViewController.m</string>
			<key>sourceTree</key>
			<string>&lt;group&gt;</string>
		</dict>
		<key>194B1E7018855F3A004FCBA7</key>
		<dict>
			<key>fileRef</key>
			<string>194B1E6D18855F3A004FCBA7</string>
			<key>isa</key>
			<string>PBXBuildFile</string>
		</dict>
		<key>194B1E7118855F3A004FCBA7</key>
		<dict>
			<key>fileRef</key>
			<string>194B1E6F18855F3A004FCBA7</string>
			<key>isa</key>
			<string>PBXBuildFile</string>
		</dict>
		<key>194B1E72188564A8004FCBA7</key>
		<dict>
			<key>children</key>
			<array>
				<string>19D5856F188C0B840086DA82</string>
				<string>19D58570188C0B840086DA82</string>
				<string>23D1A702A947B002EC72EBD7</string>
				<string>23D1AE90B22EF5500267ECBD</string>
				<string>23D1AFF7D00EDDCD6B5E195C</string>
				<string>23D1A7C2FEB8595DE0EA707A</string>
				<string>23D1AC3492DC64A799EBE477</string>
				<string>23D1A3B4CB58F83AA30C1195</string>
				<string>23D1A09CCED36E427FB0EEA5</string>
				<string>23D1AE86B44326A8525736E2</string>
				<string>23D1A7F48C035587C1E9D2D1</string>
				<string>23D1A95738A865504909BF24</string>
				<string>23D1AFE4F0985AEC60D83452</string>
				<string>23D1A8D3129C44C831678F98</string>
				<string>23D1AE0AC8D4D3CF56EF0449</string>
				<string>23D1AE674B91BB25AE80B7B5</string>
			</array>
			<key>isa</key>
			<string>PBXGroup</string>
			<key>path</key>
			<string>model</string>
			<key>sourceTree</key>
			<string>&lt;group&gt;</string>
		</dict>
		<key>194B1E7F1885654F004FCBA7</key>
		<dict>
			<key>children</key>
			<array>
				<string>19D5856B1889948E0086DA82</string>
				<string>19D5856C1889948E0086DA82</string>
				<string>194B1E801885654F004FCBA7</string>
				<string>194B1E811885654F004FCBA7</string>
				<string>194B1E821885654F004FCBA7</string>
				<string>194B1E831885654F004FCBA7</string>
				<string>194B1E861885654F004FCBA7</string>
				<string>194B1E871885654F004FCBA7</string>
				<string>23D1A1468711D39C6AB838AA</string>
				<string>23D1A3C17A2C3980E9A6CAF0</string>
				<string>23D1A499DEBCC1E0D2F1CD94</string>
				<string>23D1AD2FB23E68372C3FB2FC</string>
				<string>23D1A31676E778A8DA50503A</string>
				<string>23D1A398EC5FB31F0218DACE</string>
				<string>23D1A334A1C2A2D172ACF83B</string>
				<string>23D1A86B7CF0A3C534075EE6</string>
			</array>
			<key>isa</key>
			<string>PBXGroup</string>
			<key>path</key>
			<string>util</string>
			<key>sourceTree</key>
			<string>&lt;group&gt;</string>
		</dict>
		<key>194B1E801885654F004FCBA7</key>
		<dict>
			<key>fileEncoding</key>
			<string>4</string>
			<key>isa</key>
			<string>PBXFileReference</string>
			<key>lastKnownFileType</key>
			<string>sourcecode.c.h</string>
			<key>path</key>
			<string>I18N.h</string>
			<key>sourceTree</key>
			<string>&lt;group&gt;</string>
		</dict>
		<key>194B1E811885654F004FCBA7</key>
		<dict>
			<key>fileEncoding</key>
			<string>4</string>
			<key>isa</key>
			<string>PBXFileReference</string>
			<key>lastKnownFileType</key>
			<string>sourcecode.c.objc</string>
			<key>path</key>
			<string>I18N.m</string>
			<key>sourceTree</key>
			<string>&lt;group&gt;</string>
		</dict>
		<key>194B1E821885654F004FCBA7</key>
		<dict>
			<key>fileEncoding</key>
			<string>4</string>
			<key>isa</key>
			<string>PBXFileReference</string>
			<key>lastKnownFileType</key>
			<string>sourcecode.c.h</string>
			<key>path</key>
			<string>NSString+Util.h</string>
			<key>sourceTree</key>
			<string>&lt;group&gt;</string>
		</dict>
		<key>194B1E831885654F004FCBA7</key>
		<dict>
			<key>fileEncoding</key>
			<string>4</string>
			<key>isa</key>
			<string>PBXFileReference</string>
			<key>lastKnownFileType</key>
			<string>sourcecode.c.objc</string>
			<key>path</key>
			<string>NSString+Util.m</string>
			<key>sourceTree</key>
			<string>&lt;group&gt;</string>
		</dict>
		<key>194B1E861885654F004FCBA7</key>
		<dict>
			<key>fileEncoding</key>
			<string>4</string>
			<key>isa</key>
			<string>PBXFileReference</string>
			<key>lastKnownFileType</key>
			<string>sourcecode.c.h</string>
			<key>path</key>
			<string>Views.h</string>
			<key>sourceTree</key>
			<string>&lt;group&gt;</string>
		</dict>
		<key>194B1E871885654F004FCBA7</key>
		<dict>
			<key>fileEncoding</key>
			<string>4</string>
			<key>isa</key>
			<string>PBXFileReference</string>
			<key>lastKnownFileType</key>
			<string>sourcecode.c.objc</string>
			<key>path</key>
			<string>Views.m</string>
			<key>sourceTree</key>
			<string>&lt;group&gt;</string>
		</dict>
		<key>194B1E881885654F004FCBA7</key>
		<dict>
			<key>fileRef</key>
			<string>194B1E811885654F004FCBA7</string>
			<key>isa</key>
			<string>PBXBuildFile</string>
		</dict>
		<key>194B1E891885654F004FCBA7</key>
		<dict>
			<key>fileRef</key>
			<string>194B1E831885654F004FCBA7</string>
			<key>isa</key>
			<string>PBXBuildFile</string>
		</dict>
		<key>194B1E8B1885654F004FCBA7</key>
		<dict>
			<key>fileRef</key>
			<string>194B1E871885654F004FCBA7</string>
			<key>isa</key>
			<string>PBXBuildFile</string>
		</dict>
		<key>194B1E8C18856618004FCBA7</key>
		<dict>
			<key>children</key>
			<array>
				<string>194B1E8F18856618004FCBA7</string>
				<string>194B1E9018856618004FCBA7</string>
				<string>194B1E9118856618004FCBA7</string>
				<string>194B1E9218856618004FCBA7</string>
				<string>23D1A27A8488A14E95502F4D</string>
				<string>23D1AE3A3B1B2099ADAE6A6D</string>
				<string>23D1A2766A81E8DDBBA97A46</string>
				<string>23D1AAEFEB44AAA3F5A88225</string>
				<string>23D1A88D12B7F2948BAAC6F0</string>
				<string>23D1AAC4487A1510BC025964</string>
				<string>23D1A93746AEE103AF74DD26</string>
				<string>23D1A73B4BD33E5752EC8D66</string>
				<string>23D1AFF812EA31A3594E08DF</string>
				<string>23D1AC024B7C9EB60CB43861</string>
				<string>23D1A4636A449BF441538AD1</string>
				<string>23D1A646E75AD076769EA43A</string>
				<string>23D1A3020509751B890F0D86</string>
				<string>23D1A838E95E2123BD575694</string>
			</array>
			<key>isa</key>
			<string>PBXGroup</string>
			<key>path</key>
			<string>viewcontroller</string>
			<key>sourceTree</key>
			<string>&lt;group&gt;</string>
		</dict>
		<key>194B1E8F18856618004FCBA7</key>
		<dict>
			<key>fileEncoding</key>
			<string>4</string>
			<key>isa</key>
			<string>PBXFileReference</string>
			<key>lastKnownFileType</key>
			<string>sourcecode.c.h</string>
			<key>path</key>
			<string>LoginViewController.h</string>
			<key>sourceTree</key>
			<string>&lt;group&gt;</string>
		</dict>
		<key>194B1E9018856618004FCBA7</key>
		<dict>
			<key>fileEncoding</key>
			<string>4</string>
			<key>isa</key>
			<string>PBXFileReference</string>
			<key>lastKnownFileType</key>
			<string>sourcecode.c.objc</string>
			<key>path</key>
			<string>LoginViewController.m</string>
			<key>sourceTree</key>
			<string>&lt;group&gt;</string>
		</dict>
		<key>194B1E9118856618004FCBA7</key>
		<dict>
			<key>fileEncoding</key>
			<string>4</string>
			<key>isa</key>
			<string>PBXFileReference</string>
			<key>lastKnownFileType</key>
			<string>sourcecode.c.h</string>
			<key>path</key>
			<string>MainViewController.h</string>
			<key>sourceTree</key>
			<string>&lt;group&gt;</string>
		</dict>
		<key>194B1E9218856618004FCBA7</key>
		<dict>
			<key>fileEncoding</key>
			<string>4</string>
			<key>isa</key>
			<string>PBXFileReference</string>
			<key>lastKnownFileType</key>
			<string>sourcecode.c.objc</string>
			<key>path</key>
			<string>MainViewController.m</string>
			<key>sourceTree</key>
			<string>&lt;group&gt;</string>
		</dict>
		<key>194B1E9E18856618004FCBA7</key>
		<dict>
			<key>fileRef</key>
			<string>194B1E9018856618004FCBA7</string>
			<key>isa</key>
			<string>PBXBuildFile</string>
		</dict>
		<key>194B1E9F18856618004FCBA7</key>
		<dict>
			<key>fileRef</key>
			<string>194B1E9218856618004FCBA7</string>
			<key>isa</key>
			<string>PBXBuildFile</string>
		</dict>
		<key>194B1EA5188566FF004FCBA7</key>
		<dict>
			<key>children</key>
			<array>
				<string>23D1AC8EF72D800DBE6619AA</string>
				<string>23D1A3251F2E796969FF73F9</string>
				<string>23D1A326D67B1D409AD436E2</string>
				<string>23D1A5DB53CEE6694FC6C18F</string>
			</array>
			<key>isa</key>
			<string>PBXGroup</string>
			<key>path</key>
			<string>manager</string>
			<key>sourceTree</key>
			<string>&lt;group&gt;</string>
		</dict>
		<key>1955A56717E2079400BEF77F</key>
		<dict>
			<key>isa</key>
			<string>PBXFileReference</string>
			<key>lastKnownFileType</key>
			<string>text.plist.strings</string>
			<key>name</key>
			<string>zh-Hant</string>
			<key>path</key>
			<string>zh-Hant.lproj/InfoPlist.strings</string>
			<key>sourceTree</key>
			<string>&lt;group&gt;</string>
		</dict>
		<key>1955A56B17E3178100BEF77F</key>
		<dict>
			<key>fileRef</key>
			<string>1955A56D17E3178100BEF77F</string>
			<key>isa</key>
			<string>PBXBuildFile</string>
		</dict>
		<key>1955A56D17E3178100BEF77F</key>
		<dict>
			<key>children</key>
			<array>
				<string>1955A56E17E3179700BEF77F</string>
				<string>1955A56F17E317F400BEF77F</string>
			</array>
			<key>isa</key>
			<string>PBXVariantGroup</string>
			<key>name</key>
			<string>Localizable.strings</string>
			<key>sourceTree</key>
			<string>&lt;group&gt;</string>
		</dict>
		<key>1955A56E17E3179700BEF77F</key>
		<dict>
			<key>isa</key>
			<string>PBXFileReference</string>
			<key>lastKnownFileType</key>
			<string>text.plist.strings</string>
			<key>name</key>
			<string>en</string>
			<key>path</key>
			<string>en.lproj/Localizable.strings</string>
			<key>sourceTree</key>
			<string>&lt;group&gt;</string>
		</dict>
		<key>1955A56F17E317F400BEF77F</key>
		<dict>
			<key>isa</key>
			<string>PBXFileReference</string>
			<key>lastKnownFileType</key>
			<string>text.plist.strings</string>
			<key>name</key>
			<string>zh-Hant</string>
			<key>path</key>
			<string>zh-Hant.lproj/Localizable.strings</string>
			<key>sourceTree</key>
			<string>&lt;group&gt;</string>
		</dict>
		<key>1958467717C266C8004B8592</key>
		<dict>
			<key>children</key>
			<array>
				<string>194B1E6A18855F3A004FCBA7</string>
				<string>192F311217D0F77D00509135</string>
				<string>191AED4A17C4F951003B10F0</string>
				<string>1958468917C266C8004B8592</string>
				<string>1958468217C266C8004B8592</string>
				<string>1958468117C266C8004B8592</string>
				<string>E8C78E996A5B4AFCB18A1A89</string>
				<string>22BB4760B6364713BBC91FED</string>
				<string>697CFABA8DE8472CA1DFC7CF</string>
			</array>
			<key>isa</key>
			<string>PBXGroup</string>
			<key>sourceTree</key>
			<string>&lt;group&gt;</string>
		</dict>
		<key>1958467817C266C8004B8592</key>
		<dict>
			<key>attributes</key>
			<dict>
				<key>CLASSPREFIX</key>
				<string>thor</string>
				<key>LastUpgradeCheck</key>
				<string>0460</string>
				<key>ORGANIZATIONNAME</key>
				<string>ThousandSquare</string>
			</dict>
			<key>buildConfigurationList</key>
			<string>1958467B17C266C8004B8592</string>
			<key>compatibilityVersion</key>
			<string>Xcode 3.2</string>
			<key>developmentRegion</key>
			<string>English</string>
			<key>hasScannedForEncodings</key>
			<string>0</string>
			<key>isa</key>
			<string>PBXProject</string>
			<key>knownRegions</key>
			<array>
				<string>en</string>
				<string>zh-Hant</string>
			</array>
			<key>mainGroup</key>
			<string>1958467717C266C8004B8592</string>
			<key>productRefGroup</key>
			<string>1958468117C266C8004B8592</string>
			<key>projectDirPath</key>
			<string></string>
			<key>projectReferences</key>
			<array/>
			<key>projectRoot</key>
			<string></string>
			<key>targets</key>
			<array>
				<string>1958467F17C266C8004B8592</string>
				<string>C3D9CB80B4B74A90BE785CE6</string>
			</array>
		</dict>
		<key>1958467B17C266C8004B8592</key>
		<dict>
			<key>buildConfigurations</key>
			<array>
				<string>1958469B17C266C8004B8592</string>
				<string>1958469C17C266C8004B8592</string>
			</array>
			<key>defaultConfigurationIsVisible</key>
			<string>0</string>
			<key>defaultConfigurationName</key>
			<string>Release</string>
			<key>isa</key>
			<string>XCConfigurationList</string>
		</dict>
		<key>1958467C17C266C8004B8592</key>
		<dict>
			<key>buildActionMask</key>
			<string>2147483647</string>
			<key>files</key>
			<array>
				<string>1958469017C266C8004B8592</string>
				<string>1958469417C266C8004B8592</string>
				<string>194B1E891885654F004FCBA7</string>
				<string>194B1E9F18856618004FCBA7</string>
				<string>194B1E7118855F3A004FCBA7</string>
				<string>194B1E8B1885654F004FCBA7</string>
				<string>194B1E881885654F004FCBA7</string>
				<string>194B1E7018855F3A004FCBA7</string>
				<string>23D1A7F5F809766DC9C7D2EE</string>
				<string>194B1E9E18856618004FCBA7</string>
				<string>23D1A49A66472AAD3B75B44A</string>
				<string>19D58571188C0B840086DA82</string>
				<string>23D1A01456E0168690DFD20D</string>
				<string>23D1AA59B69DC6F116A1A180</string>
				<string>23D1A6EE325FF366C4CE14AC</string>
				<string>23D1A48C49168AB057EF6D05</string>
				<string>19D5856D1889948E0086DA82</string>
				<string>23D1A4FA5078287033E22B22</string>
				<string>23D1A42F470001D0894B8ADC</string>
				<string>23D1A5EEA9EBAC2FD78449A2</string>
				<string>23D1AFCBC759CBFFD96D5443</string>
				<string>23D1A0907F15ACB7C83C2A37</string>
				<string>23D1AAA666E4D17926AC985F</string>
				<string>23D1A7B8B1FF42FD6C55C0BF</string>
				<string>23D1ABCB3AC6E3DDA0F45D4E</string>
				<string>23D1A738EAEF2E2FC533C752</string>
				<string>23D1ABA36B8175AE87BBBECA</string>
				<string>23D1A391C2ADA57631EF0D74</string>
				<string>23D1A2937854FB6F0786E13B</string>
				<string>23D1A6E0C4047D78369E49D2</string>
				<string>23D1A0802F8614F2F8CB2131</string>
				<string>23D1A066EB52712B23F811C3</string>
				<string>23D1A24BEC21E583500E5167</string>
				<string>23D1AAB68B739D768A1C33BA</string>
				<string>23D1A62022DEE8338D98E6AE</string>
				<string>23D1AE4499B34B0941E7FEA2</string>
				<string>23D1AFB5453C919E0EE1499A</string>
				<string>23D1ADAF7031590D64AE4C1A</string>
				<string>23D1A49FEAC497E4D78696F3</string>
				<string>23D1AC4C3429E9871F6C6617</string>
				<string>23D1AAB789294401C3EED352</string>
			</array>
			<key>isa</key>
			<string>PBXSourcesBuildPhase</string>
			<key>runOnlyForDeploymentPostprocessing</key>
			<string>0</string>
		</dict>
		<key>1958467D17C266C8004B8592</key>
		<dict>
			<key>buildActionMask</key>
			<string>2147483647</string>
			<key>files</key>
			<array>
				<string>197952481892B61500B9DA3D</string>
				<string>195E62BA17E59EF600576209</string>
				<string>191AED4D17C5AA18003B10F0</string>
				<string>191AED4217C33E39003B10F0</string>
				<string>1958468417C266C8004B8592</string>
				<string>1958468617C266C8004B8592</string>
				<string>1958468817C266C8004B8592</string>
				<string>77C84B90CB00466CBFC937DA</string>
			</array>
			<key>isa</key>
			<string>PBXFrameworksBuildPhase</string>
			<key>runOnlyForDeploymentPostprocessing</key>
			<string>0</string>
		</dict>
		<key>1958467E17C266C8004B8592</key>
		<dict>
			<key>buildActionMask</key>
			<string>2147483647</string>
			<key>files</key>
			<array>
				<string>1958468E17C266C8004B8592</string>
				<string>1958469617C266C8004B8592</string>
				<string>1958469817C266C8004B8592</string>
				<string>1958469A17C266C8004B8592</string>
				<string>191AED4B17C4F951003B10F0</string>
				<string>192F311317D0F77D00509135</string>
				<string>1955A56B17E3178100BEF77F</string>
			</array>
			<key>isa</key>
			<string>PBXResourcesBuildPhase</string>
			<key>runOnlyForDeploymentPostprocessing</key>
			<string>0</string>
		</dict>
		<key>1958467F17C266C8004B8592</key>
		<dict>
			<key>buildConfigurationList</key>
			<string>1958469D17C266C8004B8592</string>
			<key>buildPhases</key>
			<array>
				<string>9BD60484A47F4C64B727EA6D</string>
				<string>1958467C17C266C8004B8592</string>
				<string>1958467D17C266C8004B8592</string>
				<string>1958467E17C266C8004B8592</string>
				<string>FC0E89A40C124D749587B785</string>
			</array>
			<key>buildRules</key>
			<array/>
			<key>dependencies</key>
			<array/>
			<key>isa</key>
			<string>PBXNativeTarget</string>
			<key>name</key>
			<string>thor</string>
			<key>productName</key>
			<string>thor</string>
			<key>productReference</key>
			<string>1958468017C266C8004B8592</string>
			<key>productType</key>
			<string>com.apple.product-type.application</string>
		</dict>
		<key>1958468017C266C8004B8592</key>
		<dict>
			<key>explicitFileType</key>
			<string>wrapper.application</string>
			<key>includeInIndex</key>
			<string>0</string>
			<key>isa</key>
			<string>PBXFileReference</string>
			<key>path</key>
			<string>thor.app</string>
			<key>sourceTree</key>
			<string>BUILT_PRODUCTS_DIR</string>
		</dict>
		<key>1958468117C266C8004B8592</key>
		<dict>
			<key>children</key>
			<array>
				<string>1958468017C266C8004B8592</string>
				<string>E61A57B23725472BB94B0B1C</string>
			</array>
			<key>isa</key>
			<string>PBXGroup</string>
			<key>name</key>
			<string>Products</string>
			<key>sourceTree</key>
			<string>&lt;group&gt;</string>
		</dict>
		<key>1958468217C266C8004B8592</key>
		<dict>
			<key>children</key>
			<array>
				<string>197952471892B61500B9DA3D</string>
				<string>197952451892B5DF00B9DA3D</string>
				<string>195E62B917E59EF600576209</string>
				<string>191AED4C17C5AA18003B10F0</string>
				<string>191AED4117C33E39003B10F0</string>
				<string>1958468317C266C8004B8592</string>
				<string>1958468517C266C8004B8592</string>
				<string>1958468717C266C8004B8592</string>
				<string>BB46A6B010F648FCB20DA62E</string>
				<string>8AB5B0AEF9144891BB2BFDE2</string>
				<string>61E150C746AD469B8E8930EA</string>
			</array>
			<key>isa</key>
			<string>PBXGroup</string>
			<key>name</key>
			<string>Frameworks</string>
			<key>sourceTree</key>
			<string>&lt;group&gt;</string>
		</dict>
		<key>1958468317C266C8004B8592</key>
		<dict>
			<key>isa</key>
			<string>PBXFileReference</string>
			<key>lastKnownFileType</key>
			<string>wrapper.framework</string>
			<key>name</key>
			<string>UIKit.framework</string>
			<key>path</key>
			<string>System/Library/Frameworks/UIKit.framework</string>
			<key>sourceTree</key>
			<string>SDKROOT</string>
		</dict>
		<key>1958468417C266C8004B8592</key>
		<dict>
			<key>fileRef</key>
			<string>1958468317C266C8004B8592</string>
			<key>isa</key>
			<string>PBXBuildFile</string>
		</dict>
		<key>1958468517C266C8004B8592</key>
		<dict>
			<key>isa</key>
			<string>PBXFileReference</string>
			<key>lastKnownFileType</key>
			<string>wrapper.framework</string>
			<key>name</key>
			<string>Foundation.framework</string>
			<key>path</key>
			<string>System/Library/Frameworks/Foundation.framework</string>
			<key>sourceTree</key>
			<string>SDKROOT</string>
		</dict>
		<key>1958468617C266C8004B8592</key>
		<dict>
			<key>fileRef</key>
			<string>1958468517C266C8004B8592</string>
			<key>isa</key>
			<string>PBXBuildFile</string>
		</dict>
		<key>1958468717C266C8004B8592</key>
		<dict>
			<key>isa</key>
			<string>PBXFileReference</string>
			<key>lastKnownFileType</key>
			<string>wrapper.framework</string>
			<key>name</key>
			<string>CoreGraphics.framework</string>
			<key>path</key>
			<string>System/Library/Frameworks/CoreGraphics.framework</string>
			<key>sourceTree</key>
			<string>SDKROOT</string>
		</dict>
		<key>1958468817C266C8004B8592</key>
		<dict>
			<key>fileRef</key>
			<string>1958468717C266C8004B8592</string>
			<key>isa</key>
			<string>PBXBuildFile</string>
		</dict>
		<key>1958468917C266C8004B8592</key>
		<dict>
			<key>children</key>
			<array>
				<string>197D92CA1890093D008B135A</string>
				<string>19D5856E188BFA800086DA82</string>
				<string>19D5856A188988FC0086DA82</string>
				<string>194B1EA5188566FF004FCBA7</string>
				<string>194B1E8C18856618004FCBA7</string>
				<string>194B1E7F1885654F004FCBA7</string>
				<string>194B1E72188564A8004FCBA7</string>
				<string>19D1E36017DC6F3C00F98548</string>
				<string>1958469217C266C8004B8592</string>
				<string>1958469317C266C8004B8592</string>
				<string>1958468A17C266C8004B8592</string>
				<string>23D1A0213F5B3C9CE58B7C22</string>
				<string>23D1A75D601DACC98C2F6F82</string>
			</array>
			<key>isa</key>
			<string>PBXGroup</string>
			<key>path</key>
			<string>thor</string>
			<key>sourceTree</key>
			<string>&lt;group&gt;</string>
		</dict>
		<key>1958468A17C266C8004B8592</key>
		<dict>
			<key>children</key>
			<array>
				<string>1958468B17C266C8004B8592</string>
				<string>1958468C17C266C8004B8592</string>
				<string>1955A56D17E3178100BEF77F</string>
				<string>1958468F17C266C8004B8592</string>
				<string>1958469117C266C8004B8592</string>
				<string>1958469517C266C8004B8592</string>
				<string>1958469717C266C8004B8592</string>
				<string>1958469917C266C8004B8592</string>
			</array>
			<key>isa</key>
			<string>PBXGroup</string>
			<key>name</key>
			<string>Supporting Files</string>
			<key>sourceTree</key>
			<string>&lt;group&gt;</string>
		</dict>
		<key>1958468B17C266C8004B8592</key>
		<dict>
			<key>isa</key>
			<string>PBXFileReference</string>
			<key>lastKnownFileType</key>
			<string>text.plist.xml</string>
			<key>path</key>
			<string>thor-Info.plist</string>
			<key>sourceTree</key>
			<string>&lt;group&gt;</string>
		</dict>
		<key>1958468C17C266C8004B8592</key>
		<dict>
			<key>children</key>
			<array>
				<string>1958468D17C266C8004B8592</string>
				<string>1955A56717E2079400BEF77F</string>
			</array>
			<key>isa</key>
			<string>PBXVariantGroup</string>
			<key>name</key>
			<string>InfoPlist.strings</string>
			<key>sourceTree</key>
			<string>&lt;group&gt;</string>
		</dict>
		<key>1958468D17C266C8004B8592</key>
		<dict>
			<key>isa</key>
			<string>PBXFileReference</string>
			<key>lastKnownFileType</key>
			<string>text.plist.strings</string>
			<key>name</key>
			<string>en</string>
			<key>path</key>
			<string>en.lproj/InfoPlist.strings</string>
			<key>sourceTree</key>
			<string>&lt;group&gt;</string>
		</dict>
		<key>1958468E17C266C8004B8592</key>
		<dict>
			<key>fileRef</key>
			<string>1958468C17C266C8004B8592</string>
			<key>isa</key>
			<string>PBXBuildFile</string>
		</dict>
		<key>1958468F17C266C8004B8592</key>
		<dict>
			<key>isa</key>
			<string>PBXFileReference</string>
			<key>lastKnownFileType</key>
			<string>sourcecode.c.objc</string>
			<key>path</key>
			<string>main.m</string>
			<key>sourceTree</key>
			<string>&lt;group&gt;</string>
		</dict>
		<key>1958469017C266C8004B8592</key>
		<dict>
			<key>fileRef</key>
			<string>1958468F17C266C8004B8592</string>
			<key>isa</key>
			<string>PBXBuildFile</string>
		</dict>
		<key>1958469117C266C8004B8592</key>
		<dict>
			<key>isa</key>
			<string>PBXFileReference</string>
			<key>lastKnownFileType</key>
			<string>sourcecode.c.h</string>
			<key>path</key>
			<string>thor-Prefix.pch</string>
			<key>sourceTree</key>
			<string>&lt;group&gt;</string>
		</dict>
		<key>1958469217C266C8004B8592</key>
		<dict>
			<key>isa</key>
			<string>PBXFileReference</string>
			<key>lastKnownFileType</key>
			<string>sourcecode.c.h</string>
			<key>path</key>
			<string>thorAppDelegate.h</string>
			<key>sourceTree</key>
			<string>&lt;group&gt;</string>
		</dict>
		<key>1958469317C266C8004B8592</key>
		<dict>
			<key>isa</key>
			<string>PBXFileReference</string>
			<key>lastKnownFileType</key>
			<string>sourcecode.c.objc</string>
			<key>path</key>
			<string>thorAppDelegate.m</string>
			<key>sourceTree</key>
			<string>&lt;group&gt;</string>
		</dict>
		<key>1958469417C266C8004B8592</key>
		<dict>
			<key>fileRef</key>
			<string>1958469317C266C8004B8592</string>
			<key>isa</key>
			<string>PBXBuildFile</string>
		</dict>
		<key>1958469517C266C8004B8592</key>
		<dict>
			<key>isa</key>
			<string>PBXFileReference</string>
			<key>lastKnownFileType</key>
			<string>image.png</string>
			<key>path</key>
			<string>Default.png</string>
			<key>sourceTree</key>
			<string>&lt;group&gt;</string>
		</dict>
		<key>1958469617C266C8004B8592</key>
		<dict>
			<key>fileRef</key>
			<string>1958469517C266C8004B8592</string>
			<key>isa</key>
			<string>PBXBuildFile</string>
		</dict>
		<key>1958469717C266C8004B8592</key>
		<dict>
			<key>isa</key>
			<string>PBXFileReference</string>
			<key>lastKnownFileType</key>
			<string>image.png</string>
			<key>path</key>
			<string>Default@2x.png</string>
			<key>sourceTree</key>
			<string>&lt;group&gt;</string>
		</dict>
		<key>1958469817C266C8004B8592</key>
		<dict>
			<key>fileRef</key>
			<string>1958469717C266C8004B8592</string>
			<key>isa</key>
			<string>PBXBuildFile</string>
		</dict>
		<key>1958469917C266C8004B8592</key>
		<dict>
			<key>isa</key>
			<string>PBXFileReference</string>
			<key>lastKnownFileType</key>
			<string>image.png</string>
			<key>path</key>
			<string>Default-568h@2x.png</string>
			<key>sourceTree</key>
			<string>&lt;group&gt;</string>
		</dict>
		<key>1958469A17C266C8004B8592</key>
		<dict>
			<key>fileRef</key>
			<string>1958469917C266C8004B8592</string>
			<key>isa</key>
			<string>PBXBuildFile</string>
		</dict>
		<key>1958469B17C266C8004B8592</key>
		<dict>
			<key>buildSettings</key>
			<dict>
				<key>ALWAYS_SEARCH_USER_PATHS</key>
				<string>NO</string>
				<key>CLANG_CXX_LANGUAGE_STANDARD</key>
				<string>gnu++0x</string>
				<key>CLANG_CXX_LIBRARY</key>
				<string>libc++</string>
				<key>CLANG_ENABLE_OBJC_ARC</key>
				<string>YES</string>
				<key>CLANG_WARN_CONSTANT_CONVERSION</key>
				<string>YES</string>
				<key>CLANG_WARN_EMPTY_BODY</key>
				<string>YES</string>
				<key>CLANG_WARN_ENUM_CONVERSION</key>
				<string>YES</string>
				<key>CLANG_WARN_INT_CONVERSION</key>
				<string>YES</string>
				<key>CLANG_WARN__DUPLICATE_METHOD_MATCH</key>
				<string>YES</string>
				<key>CODE_SIGN_IDENTITY[sdk=iphoneos*]</key>
				<string>iPhone Developer</string>
				<key>COPY_PHASE_STRIP</key>
				<string>NO</string>
				<key>GCC_C_LANGUAGE_STANDARD</key>
				<string>gnu99</string>
				<key>GCC_DYNAMIC_NO_PIC</key>
				<string>NO</string>
				<key>GCC_OPTIMIZATION_LEVEL</key>
				<string>0</string>
				<key>GCC_PREPROCESSOR_DEFINITIONS</key>
				<array>
					<string>DEBUG=1</string>
					<string>$(inherited)</string>
				</array>
				<key>GCC_SYMBOLS_PRIVATE_EXTERN</key>
				<string>NO</string>
				<key>GCC_WARN_ABOUT_RETURN_TYPE</key>
				<string>YES</string>
				<key>GCC_WARN_UNINITIALIZED_AUTOS</key>
				<string>YES</string>
				<key>GCC_WARN_UNUSED_VARIABLE</key>
				<string>YES</string>
				<key>IPHONEOS_DEPLOYMENT_TARGET</key>
				<string>6.1</string>
				<key>ONLY_ACTIVE_ARCH</key>
				<string>YES</string>
				<key>SDKROOT</key>
				<string>iphoneos</string>
			</dict>
			<key>isa</key>
			<string>XCBuildConfiguration</string>
			<key>name</key>
			<string>Debug</string>
		</dict>
		<key>1958469C17C266C8004B8592</key>
		<dict>
			<key>buildSettings</key>
			<dict>
				<key>ALWAYS_SEARCH_USER_PATHS</key>
				<string>NO</string>
				<key>CLANG_CXX_LANGUAGE_STANDARD</key>
				<string>gnu++0x</string>
				<key>CLANG_CXX_LIBRARY</key>
				<string>libc++</string>
				<key>CLANG_ENABLE_OBJC_ARC</key>
				<string>YES</string>
				<key>CLANG_WARN_CONSTANT_CONVERSION</key>
				<string>YES</string>
				<key>CLANG_WARN_EMPTY_BODY</key>
				<string>YES</string>
				<key>CLANG_WARN_ENUM_CONVERSION</key>
				<string>YES</string>
				<key>CLANG_WARN_INT_CONVERSION</key>
				<string>YES</string>
				<key>CLANG_WARN__DUPLICATE_METHOD_MATCH</key>
				<string>YES</string>
				<key>CODE_SIGN_IDENTITY[sdk=iphoneos*]</key>
				<string>iPhone Developer</string>
				<key>COPY_PHASE_STRIP</key>
				<string>YES</string>
				<key>GCC_C_LANGUAGE_STANDARD</key>
				<string>gnu99</string>
				<key>GCC_WARN_ABOUT_RETURN_TYPE</key>
				<string>YES</string>
				<key>GCC_WARN_UNINITIALIZED_AUTOS</key>
				<string>YES</string>
				<key>GCC_WARN_UNUSED_VARIABLE</key>
				<string>YES</string>
				<key>IPHONEOS_DEPLOYMENT_TARGET</key>
				<string>6.1</string>
				<key>OTHER_CFLAGS</key>
				<string>-DNS_BLOCK_ASSERTIONS=1</string>
				<key>SDKROOT</key>
				<string>iphoneos</string>
				<key>VALIDATE_PRODUCT</key>
				<string>YES</string>
			</dict>
			<key>isa</key>
			<string>XCBuildConfiguration</string>
			<key>name</key>
			<string>Release</string>
		</dict>
		<key>1958469D17C266C8004B8592</key>
		<dict>
			<key>buildConfigurations</key>
			<array>
				<string>1958469E17C266C8004B8592</string>
				<string>1958469F17C266C8004B8592</string>
			</array>
			<key>defaultConfigurationIsVisible</key>
			<string>0</string>
			<key>defaultConfigurationName</key>
			<string>Release</string>
			<key>isa</key>
			<string>XCConfigurationList</string>
		</dict>
		<key>1958469E17C266C8004B8592</key>
		<dict>
			<key>baseConfigurationReference</key>
			<string>E8C78E996A5B4AFCB18A1A89</string>
			<key>buildSettings</key>
			<dict>
				<key>GCC_PRECOMPILE_PREFIX_HEADER</key>
				<string>YES</string>
				<key>GCC_PREFIX_HEADER</key>
				<string>thor/thor-Prefix.pch</string>
				<key>INFOPLIST_FILE</key>
				<string>thor/thor-Info.plist</string>
				<key>PRODUCT_NAME</key>
				<string>$(TARGET_NAME)</string>
				<key>USER_HEADER_SEARCH_PATHS</key>
				<string>"${PROJECT_DIR}/Pods"/**</string>
				<key>WRAPPER_EXTENSION</key>
				<string>app</string>
			</dict>
			<key>isa</key>
			<string>XCBuildConfiguration</string>
			<key>name</key>
			<string>Debug</string>
		</dict>
		<key>1958469F17C266C8004B8592</key>
		<dict>
			<key>baseConfigurationReference</key>
			<string>E8C78E996A5B4AFCB18A1A89</string>
			<key>buildSettings</key>
			<dict>
				<key>GCC_PRECOMPILE_PREFIX_HEADER</key>
				<string>YES</string>
				<key>GCC_PREFIX_HEADER</key>
				<string>thor/thor-Prefix.pch</string>
				<key>INFOPLIST_FILE</key>
				<string>thor/thor-Info.plist</string>
				<key>PRODUCT_NAME</key>
				<string>$(TARGET_NAME)</string>
				<key>USER_HEADER_SEARCH_PATHS</key>
				<string>"${PROJECT_DIR}/Pods"/**</string>
				<key>WRAPPER_EXTENSION</key>
				<string>app</string>
			</dict>
			<key>isa</key>
			<string>XCBuildConfiguration</string>
			<key>name</key>
			<string>Release</string>
		</dict>
		<key>195E62B917E59EF600576209</key>
		<dict>
			<key>isa</key>
			<string>PBXFileReference</string>
			<key>lastKnownFileType</key>
			<string>wrapper.framework</string>
			<key>name</key>
			<string>QuartzCore.framework</string>
			<key>path</key>
			<string>System/Library/Frameworks/QuartzCore.framework</string>
			<key>sourceTree</key>
			<string>SDKROOT</string>
		</dict>
		<key>195E62BA17E59EF600576209</key>
		<dict>
			<key>fileRef</key>
			<string>195E62B917E59EF600576209</string>
			<key>isa</key>
			<string>PBXBuildFile</string>
		</dict>
		<key>197952451892B5DF00B9DA3D</key>
		<dict>
			<key>isa</key>
			<string>PBXFileReference</string>
			<key>lastKnownFileType</key>
			<string>wrapper.framework</string>
			<key>name</key>
			<string>AddressBook.framework</string>
			<key>path</key>
			<string>System/Library/Frameworks/AddressBook.framework</string>
			<key>sourceTree</key>
			<string>SDKROOT</string>
		</dict>
		<key>197952471892B61500B9DA3D</key>
		<dict>
			<key>isa</key>
			<string>PBXFileReference</string>
			<key>lastKnownFileType</key>
			<string>wrapper.framework</string>
			<key>name</key>
			<string>AddressBookUI.framework</string>
			<key>path</key>
			<string>System/Library/Frameworks/AddressBookUI.framework</string>
			<key>sourceTree</key>
			<string>SDKROOT</string>
		</dict>
		<key>197952481892B61500B9DA3D</key>
		<dict>
			<key>fileRef</key>
			<string>197952471892B61500B9DA3D</string>
			<key>isa</key>
			<string>PBXBuildFile</string>
		</dict>
		<key>197D92CA1890093D008B135A</key>
		<dict>
			<key>children</key>
			<array>
				<string>23D1A73222B0E6C346CB77F5</string>
				<string>23D1A8FC954617646ACA6350</string>
			</array>
			<key>isa</key>
			<string>PBXGroup</string>
			<key>path</key>
			<string>appearance</string>
			<key>sourceTree</key>
			<string>&lt;group&gt;</string>
		</dict>
		<key>19D1E36017DC6F3C00F98548</key>
		<dict>
			<key>children</key>
			<array>
				<string>23D1AC9BBF56282E4512F9F7</string>
				<string>23D1A0538595D89239E252D6</string>
			</array>
			<key>isa</key>
			<string>PBXGroup</string>
			<key>name</key>
			<string>view</string>
			<key>sourceTree</key>
			<string>&lt;group&gt;</string>
		</dict>
		<key>19D5856A188988FC0086DA82</key>
		<dict>
			<key>children</key>
			<array>
				<string>23D1AA16F1846149509F9444</string>
				<string>23D1A0D773C7C998B07C2BA6</string>
			</array>
			<key>isa</key>
			<string>PBXGroup</string>
			<key>path</key>
			<string>constant</string>
			<key>sourceTree</key>
			<string>&lt;group&gt;</string>
		</dict>
		<key>19D5856B1889948E0086DA82</key>
		<dict>
			<key>fileEncoding</key>
			<string>4</string>
			<key>isa</key>
			<string>PBXFileReference</string>
			<key>lastKnownFileType</key>
			<string>sourcecode.c.h</string>
			<key>path</key>
			<string>UIColor+Util.h</string>
			<key>sourceTree</key>
			<string>&lt;group&gt;</string>
		</dict>
		<key>19D5856C1889948E0086DA82</key>
		<dict>
			<key>fileEncoding</key>
			<string>4</string>
			<key>isa</key>
			<string>PBXFileReference</string>
			<key>lastKnownFileType</key>
			<string>sourcecode.c.objc</string>
			<key>path</key>
			<string>UIColor+Util.m</string>
			<key>sourceTree</key>
			<string>&lt;group&gt;</string>
		</dict>
		<key>19D5856D1889948E0086DA82</key>
		<dict>
			<key>fileRef</key>
			<string>19D5856C1889948E0086DA82</string>
			<key>isa</key>
			<string>PBXBuildFile</string>
		</dict>
		<key>19D5856E188BFA800086DA82</key>
		<dict>
			<key>children</key>
			<array>
				<string>23D1A1CDD7F7F79D53004C90</string>
				<string>23D1A0BFC6EA19ACBE2C4A35</string>
				<string>23D1AF3067EB607F0EEB3682</string>
				<string>23D1AB80F2A22133B19F5B0F</string>
				<string>23D1AD7599D1816C1FB154C7</string>
				<string>23D1AF548060079D38D25BF2</string>
				<string>23D1A9662F95D333D7E3D6B1</string>
				<string>23D1A740CB25632BD838B160</string>
				<string>23D1A9F340E9867E1F0792E2</string>
				<string>23D1A42B8EF619CFF442DA0F</string>
			</array>
			<key>isa</key>
			<string>PBXGroup</string>
			<key>path</key>
			<string>statemachine</string>
			<key>sourceTree</key>
			<string>&lt;group&gt;</string>
		</dict>
		<key>19D5856F188C0B840086DA82</key>
		<dict>
			<key>fileEncoding</key>
			<string>4</string>
			<key>isa</key>
			<string>PBXFileReference</string>
			<key>lastKnownFileType</key>
			<string>sourcecode.c.h</string>
			<key>path</key>
			<string>Pref.h</string>
			<key>sourceTree</key>
			<string>&lt;group&gt;</string>
		</dict>
		<key>19D58570188C0B840086DA82</key>
		<dict>
			<key>fileEncoding</key>
			<string>4</string>
			<key>isa</key>
			<string>PBXFileReference</string>
			<key>lastKnownFileType</key>
			<string>sourcecode.c.objc</string>
			<key>path</key>
			<string>Pref.m</string>
			<key>sourceTree</key>
			<string>&lt;group&gt;</string>
		</dict>
		<key>19D58571188C0B840086DA82</key>
		<dict>
			<key>fileRef</key>
			<string>19D58570188C0B840086DA82</string>
			<key>isa</key>
			<string>PBXBuildFile</string>
		</dict>
		<key>1AA4FF5A9F004E9C8A02FCE8</key>
		<dict>
			<key>fileRef</key>
			<string>1E81F73A866C44F59173D2A0</string>
			<key>isa</key>
			<string>PBXBuildFile</string>
		</dict>
		<key>1E81F73A866C44F59173D2A0</key>
		<dict>
			<key>isa</key>
			<string>PBXFileReference</string>
			<key>lastKnownFileType</key>
			<string>wrapper.framework</string>
			<key>name</key>
			<string>Foundation.framework</string>
			<key>path</key>
			<string>Platforms/iPhoneOS.platform/Developer/SDKs/iPhoneOS7.0.sdk/System/Library/Frameworks/Foundation.framework</string>
			<key>sourceTree</key>
			<string>DEVELOPER_DIR</string>
		</dict>
		<key>22BB4760B6364713BBC91FED</key>
		<dict>
			<key>children</key>
			<array>
				<string>112B9C38FE3445FCA7764C4F</string>
				<string>93305DB8A51B4F7C8612558D</string>
				<string>9D93F483162E4AB69AFBADF4</string>
			</array>
			<key>isa</key>
			<string>PBXGroup</string>
			<key>name</key>
			<string>Tests</string>
			<key>sourceTree</key>
			<string>&lt;group&gt;</string>
		</dict>
		<key>23D1A01456E0168690DFD20D</key>
		<dict>
			<key>fileRef</key>
			<string>23D1A702A947B002EC72EBD7</string>
			<key>isa</key>
			<string>PBXBuildFile</string>
		</dict>
		<key>23D1A0213F5B3C9CE58B7C22</key>
		<dict>
			<key>children</key>
			<array>
				<string>23D1A243DA38B16BA100F0C6</string>
				<string>23D1A251A54477874EEDE336</string>
			</array>
			<key>isa</key>
			<string>PBXGroup</string>
			<key>path</key>
			<string>uis</string>
			<key>sourceTree</key>
			<string>&lt;group&gt;</string>
		</dict>
		<key>23D1A0538595D89239E252D6</key>
		<dict>
			<key>fileEncoding</key>
			<string>4</string>
			<key>isa</key>
			<string>PBXFileReference</string>
			<key>lastKnownFileType</key>
			<string>sourcecode.c.h</string>
			<key>path</key>
			<string>ThorNavigationController.h</string>
			<key>sourceTree</key>
			<string>&lt;group&gt;</string>
		</dict>
		<key>23D1A066EB52712B23F811C3</key>
		<dict>
			<key>fileRef</key>
			<string>23D1A7F48C035587C1E9D2D1</string>
			<key>isa</key>
			<string>PBXBuildFile</string>
		</dict>
		<key>23D1A0802F8614F2F8CB2131</key>
		<dict>
			<key>fileRef</key>
			<string>23D1AFF812EA31A3594E08DF</string>
			<key>isa</key>
			<string>PBXBuildFile</string>
		</dict>
		<key>23D1A0907F15ACB7C83C2A37</key>
		<dict>
			<key>fileRef</key>
			<string>23D1AF3067EB607F0EEB3682</string>
			<key>isa</key>
			<string>PBXBuildFile</string>
		</dict>
		<key>23D1A09CCED36E427FB0EEA5</key>
		<dict>
			<key>fileEncoding</key>
			<string>4</string>
			<key>isa</key>
			<string>PBXFileReference</string>
			<key>lastKnownFileType</key>
			<string>sourcecode.c.objc</string>
			<key>path</key>
			<string>CoffeeShopDetail.m</string>
			<key>sourceTree</key>
			<string>&lt;group&gt;</string>
		</dict>
		<key>23D1A0BFC6EA19ACBE2C4A35</key>
		<dict>
			<key>fileEncoding</key>
			<string>4</string>
			<key>isa</key>
			<string>PBXFileReference</string>
			<key>lastKnownFileType</key>
			<string>sourcecode.c.h</string>
			<key>path</key>
			<string>AbstractState.h</string>
			<key>sourceTree</key>
			<string>&lt;group&gt;</string>
		</dict>
		<key>23D1A0D773C7C998B07C2BA6</key>
		<dict>
			<key>fileEncoding</key>
			<string>4</string>
			<key>isa</key>
			<string>PBXFileReference</string>
			<key>lastKnownFileType</key>
			<string>sourcecode.c.h</string>
			<key>path</key>
			<string>UIColor+Constant.h</string>
			<key>sourceTree</key>
			<string>&lt;group&gt;</string>
		</dict>
		<key>23D1A1468711D39C6AB838AA</key>
		<dict>
			<key>fileEncoding</key>
			<string>4</string>
			<key>isa</key>
			<string>PBXFileReference</string>
			<key>lastKnownFileType</key>
			<string>sourcecode.c.h</string>
			<key>path</key>
			<string>System.h</string>
			<key>sourceTree</key>
			<string>&lt;group&gt;</string>
		</dict>
		<key>23D1A1CDD7F7F79D53004C90</key>
		<dict>
			<key>fileEncoding</key>
			<string>4</string>
			<key>isa</key>
			<string>PBXFileReference</string>
			<key>lastKnownFileType</key>
			<string>sourcecode.c.objc</string>
			<key>path</key>
			<string>AbstractState.m</string>
			<key>sourceTree</key>
			<string>&lt;group&gt;</string>
		</dict>
		<key>23D1A243DA38B16BA100F0C6</key>
		<dict>
			<key>fileEncoding</key>
			<string>4</string>
			<key>isa</key>
			<string>PBXFileReference</string>
			<key>lastKnownFileType</key>
			<string>sourcecode.c.objc</string>
			<key>path</key>
			<string>ThorUis.m</string>
			<key>sourceTree</key>
			<string>&lt;group&gt;</string>
		</dict>
		<key>23D1A24BEC21E583500E5167</key>
		<dict>
			<key>fileRef</key>
			<string>23D1A499DEBCC1E0D2F1CD94</string>
			<key>isa</key>
			<string>PBXBuildFile</string>
		</dict>
		<key>23D1A251A54477874EEDE336</key>
		<dict>
			<key>fileEncoding</key>
			<string>4</string>
			<key>isa</key>
			<string>PBXFileReference</string>
			<key>lastKnownFileType</key>
			<string>sourcecode.c.h</string>
			<key>path</key>
			<string>ThorUis.h</string>
			<key>sourceTree</key>
			<string>&lt;group&gt;</string>
		</dict>
		<key>23D1A2766A81E8DDBBA97A46</key>
		<dict>
			<key>fileEncoding</key>
			<string>4</string>
			<key>isa</key>
			<string>PBXFileReference</string>
			<key>lastKnownFileType</key>
			<string>sourcecode.c.objc</string>
			<key>path</key>
			<string>SignUpViewController.m</string>
			<key>sourceTree</key>
			<string>&lt;group&gt;</string>
		</dict>
		<key>23D1A27A8488A14E95502F4D</key>
		<dict>
			<key>fileEncoding</key>
			<string>4</string>
			<key>isa</key>
			<string>PBXFileReference</string>
			<key>lastKnownFileType</key>
			<string>sourcecode.c.objc</string>
			<key>path</key>
			<string>DetailViewController.m</string>
			<key>sourceTree</key>
			<string>&lt;group&gt;</string>
		</dict>
		<key>23D1A2937854FB6F0786E13B</key>
		<dict>
			<key>fileRef</key>
			<string>23D1A93746AEE103AF74DD26</string>
			<key>isa</key>
			<string>PBXBuildFile</string>
		</dict>
		<key>23D1A3020509751B890F0D86</key>
		<dict>
			<key>fileEncoding</key>
			<string>4</string>
			<key>isa</key>
			<string>PBXFileReference</string>
			<key>lastKnownFileType</key>
			<string>sourcecode.c.objc</string>
			<key>path</key>
			<string>DistancePickViewController.m</string>
			<key>sourceTree</key>
			<string>&lt;group&gt;</string>
		</dict>
		<key>23D1A31676E778A8DA50503A</key>
		<dict>
			<key>fileEncoding</key>
			<string>4</string>
			<key>isa</key>
			<string>PBXFileReference</string>
			<key>lastKnownFileType</key>
			<string>sourcecode.c.objc</string>
			<key>path</key>
			<string>UINavigationItem+Util.m</string>
			<key>sourceTree</key>
			<string>&lt;group&gt;</string>
		</dict>
		<key>23D1A3251F2E796969FF73F9</key>
		<dict>
			<key>fileEncoding</key>
			<string>4</string>
			<key>isa</key>
			<string>PBXFileReference</string>
			<key>lastKnownFileType</key>
			<string>sourcecode.c.h</string>
			<key>path</key>
			<string>CoffeeManager.h</string>
			<key>sourceTree</key>
			<string>&lt;group&gt;</string>
		</dict>
		<key>23D1A326D67B1D409AD436E2</key>
		<dict>
			<key>fileEncoding</key>
			<string>4</string>
			<key>isa</key>
			<string>PBXFileReference</string>
			<key>lastKnownFileType</key>
			<string>sourcecode.c.objc</string>
			<key>path</key>
			<string>CoffeeService.m</string>
			<key>sourceTree</key>
			<string>&lt;group&gt;</string>
		</dict>
		<key>23D1A334A1C2A2D172ACF83B</key>
		<dict>
			<key>fileEncoding</key>
			<string>4</string>
			<key>isa</key>
			<string>PBXFileReference</string>
			<key>lastKnownFileType</key>
			<string>sourcecode.c.h</string>
			<key>path</key>
			<string>UIImage+Util.h</string>
			<key>sourceTree</key>
			<string>&lt;group&gt;</string>
		</dict>
		<key>23D1A391C2ADA57631EF0D74</key>
		<dict>
			<key>fileRef</key>
			<string>23D1A3C17A2C3980E9A6CAF0</string>
			<key>isa</key>
			<string>PBXBuildFile</string>
		</dict>
		<key>23D1A398EC5FB31F0218DACE</key>
		<dict>
			<key>fileEncoding</key>
			<string>4</string>
			<key>isa</key>
			<string>PBXFileReference</string>
			<key>lastKnownFileType</key>
			<string>sourcecode.c.h</string>
			<key>path</key>
			<string>UINavigationItem+Util.h</string>
			<key>sourceTree</key>
			<string>&lt;group&gt;</string>
		</dict>
		<key>23D1A3B4CB58F83AA30C1195</key>
		<dict>
			<key>fileEncoding</key>
			<string>4</string>
			<key>isa</key>
			<string>PBXFileReference</string>
			<key>lastKnownFileType</key>
			<string>sourcecode.c.h</string>
			<key>path</key>
			<string>CoffeeShop+Strings.h</string>
			<key>sourceTree</key>
			<string>&lt;group&gt;</string>
		</dict>
		<key>23D1A3C17A2C3980E9A6CAF0</key>
		<dict>
			<key>fileEncoding</key>
			<string>4</string>
			<key>isa</key>
			<string>PBXFileReference</string>
			<key>lastKnownFileType</key>
			<string>sourcecode.c.objc</string>
			<key>path</key>
			<string>System.m</string>
			<key>sourceTree</key>
			<string>&lt;group&gt;</string>
		</dict>
		<key>23D1A42B8EF619CFF442DA0F</key>
		<dict>
			<key>fileEncoding</key>
			<string>4</string>
			<key>isa</key>
			<string>PBXFileReference</string>
			<key>lastKnownFileType</key>
			<string>sourcecode.c.h</string>
			<key>path</key>
			<string>LogStateMachine.h</string>
			<key>sourceTree</key>
			<string>&lt;group&gt;</string>
		</dict>
		<key>23D1A42F470001D0894B8ADC</key>
		<dict>
			<key>fileRef</key>
			<string>23D1AA16F1846149509F9444</string>
			<key>isa</key>
			<string>PBXBuildFile</string>
		</dict>
		<key>23D1A4636A449BF441538AD1</key>
		<dict>
			<key>fileEncoding</key>
			<string>4</string>
			<key>isa</key>
			<string>PBXFileReference</string>
			<key>lastKnownFileType</key>
			<string>sourcecode.c.objc</string>
			<key>path</key>
			<string>SettingController.m</string>
			<key>sourceTree</key>
			<string>&lt;group&gt;</string>
		</dict>
		<key>23D1A48C49168AB057EF6D05</key>
		<dict>
			<key>fileRef</key>
			<string>23D1A27A8488A14E95502F4D</string>
			<key>isa</key>
			<string>PBXBuildFile</string>
		</dict>
		<key>23D1A499DEBCC1E0D2F1CD94</key>
		<dict>
			<key>fileEncoding</key>
			<string>4</string>
			<key>isa</key>
			<string>PBXFileReference</string>
			<key>lastKnownFileType</key>
			<string>sourcecode.c.objc</string>
			<key>path</key>
			<string>MKMapView+ZoomLevel.m</string>
			<key>sourceTree</key>
			<string>&lt;group&gt;</string>
		</dict>
		<key>23D1A49A66472AAD3B75B44A</key>
		<dict>
			<key>fileRef</key>
			<string>23D1AC8EF72D800DBE6619AA</string>
			<key>isa</key>
			<string>PBXBuildFile</string>
		</dict>
		<key>23D1A49FEAC497E4D78696F3</key>
		<dict>
			<key>fileRef</key>
			<string>23D1A3020509751B890F0D86</string>
			<key>isa</key>
			<string>PBXBuildFile</string>
		</dict>
		<key>23D1A4FA5078287033E22B22</key>
		<dict>
			<key>fileRef</key>
			<string>23D1A326D67B1D409AD436E2</string>
			<key>isa</key>
			<string>PBXBuildFile</string>
		</dict>
		<key>23D1A5DB53CEE6694FC6C18F</key>
		<dict>
			<key>fileEncoding</key>
			<string>4</string>
			<key>isa</key>
			<string>PBXFileReference</string>
			<key>lastKnownFileType</key>
			<string>sourcecode.c.h</string>
			<key>path</key>
			<string>CoffeeService.h</string>
			<key>sourceTree</key>
			<string>&lt;group&gt;</string>
		</dict>
		<key>23D1A5EEA9EBAC2FD78449A2</key>
		<dict>
			<key>fileRef</key>
			<string>23D1A09CCED36E427FB0EEA5</string>
			<key>isa</key>
			<string>PBXBuildFile</string>
		</dict>
		<key>23D1A62022DEE8338D98E6AE</key>
		<dict>
			<key>fileRef</key>
			<string>23D1A86B7CF0A3C534075EE6</string>
			<key>isa</key>
			<string>PBXBuildFile</string>
		</dict>
		<key>23D1A646E75AD076769EA43A</key>
		<dict>
			<key>fileEncoding</key>
			<string>4</string>
			<key>isa</key>
			<string>PBXFileReference</string>
			<key>lastKnownFileType</key>
			<string>sourcecode.c.h</string>
			<key>path</key>
			<string>SettingController.h</string>
			<key>sourceTree</key>
			<string>&lt;group&gt;</string>
		</dict>
		<key>23D1A6E0C4047D78369E49D2</key>
		<dict>
			<key>fileRef</key>
			<string>23D1A73222B0E6C346CB77F5</string>
			<key>isa</key>
			<string>PBXBuildFile</string>
		</dict>
		<key>23D1A6EE325FF366C4CE14AC</key>
		<dict>
			<key>fileRef</key>
			<string>23D1AC3492DC64A799EBE477</string>
			<key>isa</key>
			<string>PBXBuildFile</string>
		</dict>
		<key>23D1A702A947B002EC72EBD7</key>
		<dict>
			<key>fileEncoding</key>
			<string>4</string>
			<key>isa</key>
			<string>PBXFileReference</string>
			<key>lastKnownFileType</key>
			<string>sourcecode.c.objc</string>
			<key>path</key>
			<string>CoffeeShop.m</string>
			<key>sourceTree</key>
			<string>&lt;group&gt;</string>
		</dict>
		<key>23D1A73222B0E6C346CB77F5</key>
		<dict>
			<key>fileEncoding</key>
			<string>4</string>
			<key>isa</key>
			<string>PBXFileReference</string>
			<key>lastKnownFileType</key>
			<string>sourcecode.c.objc</string>
			<key>path</key>
			<string>UINavigationBar+Appearance.m</string>
			<key>sourceTree</key>
			<string>&lt;group&gt;</string>
		</dict>
		<key>23D1A738EAEF2E2FC533C752</key>
		<dict>
			<key>fileRef</key>
			<string>23D1A2766A81E8DDBBA97A46</string>
			<key>isa</key>
			<string>PBXBuildFile</string>
		</dict>
		<key>23D1A73B4BD33E5752EC8D66</key>
		<dict>
			<key>fileEncoding</key>
			<string>4</string>
			<key>isa</key>
			<string>PBXFileReference</string>
			<key>lastKnownFileType</key>
			<string>sourcecode.c.h</string>
			<key>path</key>
			<string>LeftDrawerController.h</string>
			<key>sourceTree</key>
			<string>&lt;group&gt;</string>
		</dict>
		<key>23D1A740CB25632BD838B160</key>
		<dict>
			<key>fileEncoding</key>
			<string>4</string>
			<key>isa</key>
			<string>PBXFileReference</string>
			<key>lastKnownFileType</key>
			<string>sourcecode.c.h</string>
			<key>path</key>
			<string>LoginState.h</string>
			<key>sourceTree</key>
			<string>&lt;group&gt;</string>
		</dict>
		<key>23D1A75D601DACC98C2F6F82</key>
		<dict>
			<key>children</key>
			<array>
				<string>23D1A9FCCC2E0D16F55744A0</string>
				<string>23D1ACB703730537CED19AED</string>
			</array>
			<key>isa</key>
			<string>PBXGroup</string>
			<key>path</key>
			<string>external</string>
			<key>sourceTree</key>
			<string>&lt;group&gt;</string>
		</dict>
		<key>23D1A7B8B1FF42FD6C55C0BF</key>
		<dict>
			<key>fileRef</key>
			<string>23D1A9662F95D333D7E3D6B1</string>
			<key>isa</key>
			<string>PBXBuildFile</string>
		</dict>
		<key>23D1A7C2FEB8595DE0EA707A</key>
		<dict>
			<key>fileEncoding</key>
			<string>4</string>
			<key>isa</key>
			<string>PBXFileReference</string>
			<key>lastKnownFileType</key>
			<string>sourcecode.c.h</string>
			<key>path</key>
			<string>TRAnnotation.h</string>
			<key>sourceTree</key>
			<string>&lt;group&gt;</string>
		</dict>
		<key>23D1A7F48C035587C1E9D2D1</key>
		<dict>
			<key>fileEncoding</key>
			<string>4</string>
			<key>isa</key>
			<string>PBXFileReference</string>
			<key>lastKnownFileType</key>
			<string>sourcecode.c.objc</string>
			<key>path</key>
			<string>SubmitInfo.m</string>
			<key>sourceTree</key>
			<string>&lt;group&gt;</string>
		</dict>
		<key>23D1A7F5F809766DC9C7D2EE</key>
		<dict>
			<key>fileRef</key>
			<string>23D1AC9BBF56282E4512F9F7</string>
			<key>isa</key>
			<string>PBXBuildFile</string>
		</dict>
		<key>23D1A838E95E2123BD575694</key>
		<dict>
			<key>fileEncoding</key>
			<string>4</string>
			<key>isa</key>
			<string>PBXFileReference</string>
			<key>lastKnownFileType</key>
			<string>sourcecode.c.h</string>
			<key>path</key>
			<string>DistancePickViewController.h</string>
			<key>sourceTree</key>
			<string>&lt;group&gt;</string>
		</dict>
		<key>23D1A86B7CF0A3C534075EE6</key>
		<dict>
			<key>fileEncoding</key>
			<string>4</string>
			<key>isa</key>
			<string>PBXFileReference</string>
			<key>lastKnownFileType</key>
			<string>sourcecode.c.objc</string>
			<key>path</key>
			<string>UIImage+Util.m</string>
			<key>sourceTree</key>
			<string>&lt;group&gt;</string>
		</dict>
		<key>23D1A88D12B7F2948BAAC6F0</key>
		<dict>
			<key>fileEncoding</key>
			<string>4</string>
			<key>isa</key>
			<string>PBXFileReference</string>
			<key>lastKnownFileType</key>
			<string>sourcecode.c.objc</string>
			<key>path</key>
			<string>AbstractUIViewController.m</string>
			<key>sourceTree</key>
			<string>&lt;group&gt;</string>
		</dict>
		<key>23D1A8D3129C44C831678F98</key>
		<dict>
			<key>fileEncoding</key>
			<string>4</string>
			<key>isa</key>
			<string>PBXFileReference</string>
			<key>lastKnownFileType</key>
			<string>sourcecode.c.h</string>
			<key>path</key>
			<string>AbstractPref.h</string>
			<key>sourceTree</key>
			<string>&lt;group&gt;</string>
		</dict>
		<key>23D1A8FC954617646ACA6350</key>
		<dict>
			<key>fileEncoding</key>
			<string>4</string>
			<key>isa</key>
			<string>PBXFileReference</string>
			<key>lastKnownFileType</key>
			<string>sourcecode.c.h</string>
			<key>path</key>
			<string>UINavigationBar+Appearance.h</string>
			<key>sourceTree</key>
			<string>&lt;group&gt;</string>
		</dict>
		<key>23D1A93746AEE103AF74DD26</key>
		<dict>
			<key>fileEncoding</key>
			<string>4</string>
			<key>isa</key>
			<string>PBXFileReference</string>
			<key>lastKnownFileType</key>
			<string>sourcecode.c.objc</string>
			<key>path</key>
			<string>LeftDrawerController.m</string>
			<key>sourceTree</key>
			<string>&lt;group&gt;</string>
		</dict>
		<key>23D1A95738A865504909BF24</key>
		<dict>
			<key>fileEncoding</key>
			<string>4</string>
			<key>isa</key>
			<string>PBXFileReference</string>
			<key>lastKnownFileType</key>
			<string>sourcecode.c.h</string>
			<key>path</key>
			<string>SubmitInfo.h</string>
			<key>sourceTree</key>
			<string>&lt;group&gt;</string>
		</dict>
		<key>23D1A9662F95D333D7E3D6B1</key>
		<dict>
			<key>fileEncoding</key>
			<string>4</string>
			<key>isa</key>
			<string>PBXFileReference</string>
			<key>lastKnownFileType</key>
			<string>sourcecode.c.objc</string>
			<key>path</key>
			<string>LoginState.m</string>
			<key>sourceTree</key>
			<string>&lt;group&gt;</string>
		</dict>
		<key>23D1A9F340E9867E1F0792E2</key>
		<dict>
			<key>fileEncoding</key>
			<string>4</string>
			<key>isa</key>
			<string>PBXFileReference</string>
			<key>lastKnownFileType</key>
			<string>sourcecode.c.objc</string>
			<key>path</key>
			<string>LogStateMachine.m</string>
			<key>sourceTree</key>
			<string>&lt;group&gt;</string>
		</dict>
		<key>23D1A9FCCC2E0D16F55744A0</key>
		<dict>
			<key>fileEncoding</key>
			<string>4</string>
			<key>isa</key>
			<string>PBXFileReference</string>
			<key>lastKnownFileType</key>
			<string>sourcecode.c.objc</string>
			<key>path</key>
			<string>ExternalApp.m</string>
			<key>sourceTree</key>
			<string>&lt;group&gt;</string>
		</dict>
		<key>23D1AA16F1846149509F9444</key>
		<dict>
			<key>fileEncoding</key>
			<string>4</string>
			<key>isa</key>
			<string>PBXFileReference</string>
			<key>lastKnownFileType</key>
			<string>sourcecode.c.objc</string>
			<key>path</key>
			<string>UIColor+Constant.m</string>
			<key>sourceTree</key>
			<string>&lt;group&gt;</string>
		</dict>
		<key>23D1AA59B69DC6F116A1A180</key>
		<dict>
			<key>fileRef</key>
			<string>23D1AFF7D00EDDCD6B5E195C</string>
			<key>isa</key>
			<string>PBXBuildFile</string>
		</dict>
		<key>23D1AAA666E4D17926AC985F</key>
		<dict>
			<key>fileRef</key>
			<string>23D1AD7599D1816C1FB154C7</string>
			<key>isa</key>
			<string>PBXBuildFile</string>
		</dict>
		<key>23D1AAB68B739D768A1C33BA</key>
		<dict>
			<key>fileRef</key>
			<string>23D1A31676E778A8DA50503A</string>
			<key>isa</key>
			<string>PBXBuildFile</string>
		</dict>
		<key>23D1AAB789294401C3EED352</key>
		<dict>
			<key>fileRef</key>
			<string>23D1AE674B91BB25AE80B7B5</string>
			<key>isa</key>
			<string>PBXBuildFile</string>
		</dict>
		<key>23D1AAC4487A1510BC025964</key>
		<dict>
			<key>fileEncoding</key>
			<string>4</string>
			<key>isa</key>
			<string>PBXFileReference</string>
			<key>lastKnownFileType</key>
			<string>sourcecode.c.h</string>
			<key>path</key>
			<string>AbstractUIViewController.h</string>
			<key>sourceTree</key>
			<string>&lt;group&gt;</string>
		</dict>
		<key>23D1AAEFEB44AAA3F5A88225</key>
		<dict>
			<key>fileEncoding</key>
			<string>4</string>
			<key>isa</key>
			<string>PBXFileReference</string>
			<key>lastKnownFileType</key>
			<string>sourcecode.c.h</string>
			<key>path</key>
			<string>SignUpViewController.h</string>
			<key>sourceTree</key>
			<string>&lt;group&gt;</string>
		</dict>
		<key>23D1AB80F2A22133B19F5B0F</key>
		<dict>
			<key>fileEncoding</key>
			<string>4</string>
			<key>isa</key>
			<string>PBXFileReference</string>
			<key>lastKnownFileType</key>
			<string>sourcecode.c.h</string>
			<key>path</key>
			<string>LogoutState.h</string>
			<key>sourceTree</key>
			<string>&lt;group&gt;</string>
		</dict>
		<key>23D1ABA36B8175AE87BBBECA</key>
		<dict>
			<key>fileRef</key>
			<string>23D1A88D12B7F2948BAAC6F0</string>
			<key>isa</key>
			<string>PBXBuildFile</string>
		</dict>
		<key>23D1ABCB3AC6E3DDA0F45D4E</key>
		<dict>
			<key>fileRef</key>
			<string>23D1A9F340E9867E1F0792E2</string>
			<key>isa</key>
			<string>PBXBuildFile</string>
		</dict>
		<key>23D1AC024B7C9EB60CB43861</key>
		<dict>
			<key>fileEncoding</key>
			<string>4</string>
			<key>isa</key>
			<string>PBXFileReference</string>
			<key>lastKnownFileType</key>
			<string>sourcecode.c.h</string>
			<key>path</key>
			<string>AddShopViewController.h</string>
			<key>sourceTree</key>
			<string>&lt;group&gt;</string>
		</dict>
		<key>23D1AC3492DC64A799EBE477</key>
		<dict>
			<key>fileEncoding</key>
			<string>4</string>
			<key>isa</key>
			<string>PBXFileReference</string>
			<key>lastKnownFileType</key>
			<string>sourcecode.c.objc</string>
			<key>path</key>
			<string>CoffeeShop+Strings.m</string>
			<key>sourceTree</key>
			<string>&lt;group&gt;</string>
		</dict>
		<key>23D1AC4C3429E9871F6C6617</key>
		<dict>
			<key>fileRef</key>
			<string>23D1A9FCCC2E0D16F55744A0</string>
			<key>isa</key>
			<string>PBXBuildFile</string>
		</dict>
		<key>23D1AC8EF72D800DBE6619AA</key>
		<dict>
			<key>fileEncoding</key>
			<string>4</string>
			<key>isa</key>
			<string>PBXFileReference</string>
			<key>lastKnownFileType</key>
			<string>sourcecode.c.objc</string>
			<key>path</key>
			<string>CoffeeManager.m</string>
			<key>sourceTree</key>
			<string>&lt;group&gt;</string>
		</dict>
		<key>23D1AC9BBF56282E4512F9F7</key>
		<dict>
			<key>fileEncoding</key>
			<string>4</string>
			<key>isa</key>
			<string>PBXFileReference</string>
			<key>lastKnownFileType</key>
			<string>sourcecode.c.objc</string>
			<key>path</key>
			<string>ThorNavigationController.m</string>
			<key>sourceTree</key>
			<string>&lt;group&gt;</string>
		</dict>
		<key>23D1ACB703730537CED19AED</key>
		<dict>
			<key>fileEncoding</key>
			<string>4</string>
			<key>isa</key>
			<string>PBXFileReference</string>
			<key>lastKnownFileType</key>
			<string>sourcecode.c.h</string>
			<key>path</key>
			<string>ExternalApp.h</string>
			<key>sourceTree</key>
			<string>&lt;group&gt;</string>
		</dict>
		<key>23D1AD2FB23E68372C3FB2FC</key>
		<dict>
			<key>fileEncoding</key>
			<string>4</string>
			<key>isa</key>
			<string>PBXFileReference</string>
			<key>lastKnownFileType</key>
			<string>sourcecode.c.h</string>
			<key>path</key>
			<string>MKMapView+ZoomLevel.h</string>
			<key>sourceTree</key>
			<string>&lt;group&gt;</string>
		</dict>
		<key>23D1AD7599D1816C1FB154C7</key>
		<dict>
			<key>fileEncoding</key>
			<string>4</string>
			<key>isa</key>
			<string>PBXFileReference</string>
			<key>lastKnownFileType</key>
			<string>sourcecode.c.objc</string>
			<key>path</key>
			<string>LogingState.m</string>
			<key>sourceTree</key>
			<string>&lt;group&gt;</string>
		</dict>
		<key>23D1ADAF7031590D64AE4C1A</key>
		<dict>
			<key>fileRef</key>
			<string>23D1A243DA38B16BA100F0C6</string>
			<key>isa</key>
			<string>PBXBuildFile</string>
		</dict>
		<key>23D1AE0AC8D4D3CF56EF0449</key>
		<dict>
			<key>fileEncoding</key>
			<string>4</string>
			<key>isa</key>
			<string>PBXFileReference</string>
			<key>lastKnownFileType</key>
			<string>sourcecode.c.h</string>
			<key>path</key>
			<string>TRFilterState.h</string>
			<key>sourceTree</key>
			<string>&lt;group&gt;</string>
		</dict>
		<key>23D1AE3A3B1B2099ADAE6A6D</key>
		<dict>
			<key>fileEncoding</key>
			<string>4</string>
			<key>isa</key>
			<string>PBXFileReference</string>
			<key>lastKnownFileType</key>
			<string>sourcecode.c.h</string>
			<key>path</key>
			<string>DetailViewController.h</string>
			<key>sourceTree</key>
			<string>&lt;group&gt;</string>
		</dict>
		<key>23D1AE4499B34B0941E7FEA2</key>
		<dict>
			<key>fileRef</key>
			<string>23D1AFE4F0985AEC60D83452</string>
			<key>isa</key>
			<string>PBXBuildFile</string>
		</dict>
		<key>23D1AE674B91BB25AE80B7B5</key>
		<dict>
			<key>fileEncoding</key>
			<string>4</string>
			<key>isa</key>
			<string>PBXFileReference</string>
			<key>lastKnownFileType</key>
			<string>sourcecode.c.objc</string>
			<key>path</key>
			<string>TRFilterState.m</string>
			<key>sourceTree</key>
			<string>&lt;group&gt;</string>
		</dict>
		<key>23D1AE86B44326A8525736E2</key>
		<dict>
			<key>fileEncoding</key>
			<string>4</string>
			<key>isa</key>
			<string>PBXFileReference</string>
			<key>lastKnownFileType</key>
			<string>sourcecode.c.h</string>
			<key>path</key>
			<string>CoffeeShopDetail.h</string>
			<key>sourceTree</key>
			<string>&lt;group&gt;</string>
		</dict>
		<key>23D1AE90B22EF5500267ECBD</key>
		<dict>
			<key>fileEncoding</key>
			<string>4</string>
			<key>isa</key>
			<string>PBXFileReference</string>
			<key>lastKnownFileType</key>
			<string>sourcecode.c.h</string>
			<key>path</key>
			<string>CoffeeShop.h</string>
			<key>sourceTree</key>
			<string>&lt;group&gt;</string>
		</dict>
		<key>23D1AF3067EB607F0EEB3682</key>
		<dict>
			<key>fileEncoding</key>
			<string>4</string>
			<key>isa</key>
			<string>PBXFileReference</string>
			<key>lastKnownFileType</key>
			<string>sourcecode.c.objc</string>
			<key>path</key>
			<string>LogoutState.m</string>
			<key>sourceTree</key>
			<string>&lt;group&gt;</string>
		</dict>
		<key>23D1AF548060079D38D25BF2</key>
		<dict>
			<key>fileEncoding</key>
			<string>4</string>
			<key>isa</key>
			<string>PBXFileReference</string>
			<key>lastKnownFileType</key>
			<string>sourcecode.c.h</string>
			<key>path</key>
			<string>LogingState.h</string>
			<key>sourceTree</key>
			<string>&lt;group&gt;</string>
		</dict>
		<key>23D1AFB5453C919E0EE1499A</key>
		<dict>
			<key>fileRef</key>
			<string>23D1A4636A449BF441538AD1</string>
			<key>isa</key>
			<string>PBXBuildFile</string>
		</dict>
		<key>23D1AFCBC759CBFFD96D5443</key>
		<dict>
			<key>fileRef</key>
			<string>23D1A1CDD7F7F79D53004C90</string>
			<key>isa</key>
			<string>PBXBuildFile</string>
		</dict>
		<key>23D1AFE4F0985AEC60D83452</key>
		<dict>
			<key>fileEncoding</key>
			<string>4</string>
			<key>isa</key>
			<string>PBXFileReference</string>
			<key>lastKnownFileType</key>
			<string>sourcecode.c.objc</string>
			<key>path</key>
			<string>AbstractPref.m</string>
			<key>sourceTree</key>
			<string>&lt;group&gt;</string>
		</dict>
		<key>23D1AFF7D00EDDCD6B5E195C</key>
		<dict>
			<key>fileEncoding</key>
			<string>4</string>
			<key>isa</key>
			<string>PBXFileReference</string>
			<key>lastKnownFileType</key>
			<string>sourcecode.c.objc</string>
			<key>path</key>
			<string>TRAnnotation.m</string>
			<key>sourceTree</key>
			<string>&lt;group&gt;</string>
		</dict>
		<key>23D1AFF812EA31A3594E08DF</key>
		<dict>
			<key>fileEncoding</key>
			<string>4</string>
			<key>isa</key>
			<string>PBXFileReference</string>
			<key>lastKnownFileType</key>
			<string>sourcecode.c.objc</string>
			<key>path</key>
			<string>AddShopViewController.m</string>
			<key>sourceTree</key>
			<string>&lt;group&gt;</string>
		</dict>
		<key>2E3BC82F225A458B8DE73188</key>
		<dict>
			<key>fileRef</key>
			<string>93305DB8A51B4F7C8612558D</string>
			<key>isa</key>
			<string>PBXBuildFile</string>
		</dict>
		<key>4AA0266F4E8C41F7B00D5A05</key>
		<dict>
			<key>fileRef</key>
			<string>9D93F483162E4AB69AFBADF4</string>
			<key>isa</key>
			<string>PBXBuildFile</string>
		</dict>
		<key>4C2C900A1BCE44E483F24673</key>
		<dict>
			<key>buildActionMask</key>
			<string>2147483647</string>
			<key>files</key>
			<array/>
			<key>inputPaths</key>
			<array/>
			<key>isa</key>
			<string>PBXShellScriptBuildPhase</string>
			<key>name</key>
			<string>Copy Pods Resources</string>
			<key>outputPaths</key>
			<array/>
			<key>runOnlyForDeploymentPostprocessing</key>
			<string>0</string>
			<key>shellPath</key>
			<string>/bin/sh</string>
			<key>shellScript</key>
			<string>"${SRCROOT}/Pods/Pods-Tests-resources.sh"
</string>
			<key>showEnvVarsInLog</key>
			<string>0</string>
		</dict>
		<key>59562ACA452E468CA30CD72F</key>
		<dict>
			<key>isa</key>
			<string>PBXTargetDependency</string>
			<key>target</key>
			<string>1958467F17C266C8004B8592</string>
			<key>targetProxy</key>
			<string>CF451326B8AC41858C053B59</string>
		</dict>
		<key>5C1EFC09862F408F8E32E1F8</key>
		<dict>
			<key>fileRef</key>
			<string>61E150C746AD469B8E8930EA</string>
			<key>isa</key>
			<string>PBXBuildFile</string>
		</dict>
		<key>61E150C746AD469B8E8930EA</key>
		<dict>
			<key>explicitFileType</key>
			<string>archive.ar</string>
			<key>includeInIndex</key>
			<string>0</string>
			<key>isa</key>
			<string>PBXFileReference</string>
			<key>path</key>
			<string>libPods-Tests.a</string>
			<key>sourceTree</key>
			<string>BUILT_PRODUCTS_DIR</string>
		</dict>
		<key>689558FB88714783B111FB2C</key>
		<dict>
			<key>buildActionMask</key>
			<string>2147483647</string>
			<key>files</key>
			<array>
				<string>00092FC9DEA84E2BBA274C70</string>
				<string>2E3BC82F225A458B8DE73188</string>
				<string>4AA0266F4E8C41F7B00D5A05</string>
			</array>
			<key>isa</key>
			<string>PBXSourcesBuildPhase</string>
			<key>runOnlyForDeploymentPostprocessing</key>
			<string>0</string>
		</dict>
		<key>697CFABA8DE8472CA1DFC7CF</key>
		<dict>
			<key>includeInIndex</key>
			<string>1</string>
			<key>isa</key>
			<string>PBXFileReference</string>
			<key>lastKnownFileType</key>
			<string>text.xcconfig</string>
			<key>name</key>
			<string>Pods-Tests.xcconfig</string>
			<key>path</key>
			<string>Pods/Pods-Tests.xcconfig</string>
			<key>sourceTree</key>
			<string>&lt;group&gt;</string>
		</dict>
		<key>77C84B90CB00466CBFC937DA</key>
		<dict>
			<key>fileRef</key>
			<string>BB46A6B010F648FCB20DA62E</string>
			<key>isa</key>
			<string>PBXBuildFile</string>
		</dict>
		<key>78AE1196D31E48B4983C5DF0</key>
		<dict>
			<key>buildConfigurations</key>
			<array>
				<string>BFBB3EA11CF44E9FAA578EE2</string>
				<string>8FB58C7855464028A86DC2E7</string>
			</array>
			<key>defaultConfigurationIsVisible</key>
			<string>0</string>
			<key>defaultConfigurationName</key>
			<string>Release</string>
			<key>isa</key>
			<string>XCConfigurationList</string>
		</dict>
		<key>8AB5B0AEF9144891BB2BFDE2</key>
		<dict>
			<key>children</key>
			<array>
				<string>1E81F73A866C44F59173D2A0</string>
			</array>
			<key>isa</key>
			<string>PBXGroup</string>
			<key>name</key>
			<string>iOS</string>
			<key>sourceTree</key>
			<string>&lt;group&gt;</string>
		</dict>
		<key>8FB58C7855464028A86DC2E7</key>
		<dict>
			<key>baseConfigurationReference</key>
			<string>697CFABA8DE8472CA1DFC7CF</string>
			<key>buildSettings</key>
			<dict>
				<key>ALWAYS_SEARCH_USER_PATHS</key>
				<string>NO</string>
				<key>COPY_PHASE_STRIP</key>
				<string>NO</string>
				<key>DSTROOT</key>
				<string>/tmp/xcodeproj.dst</string>
				<key>GCC_C_LANGUAGE_STANDARD</key>
				<string>gnu99</string>
				<key>GCC_DYNAMIC_NO_PIC</key>
				<string>NO</string>
				<key>GCC_OPTIMIZATION_LEVEL</key>
				<string>0</string>
				<key>GCC_PRECOMPILE_PREFIX_HEADER</key>
				<string>YES</string>
				<key>GCC_PREFIX_HEADER</key>
				<string>thor/thor-Prefix.pch</string>
				<key>GCC_PREPROCESSOR_DEFINITIONS</key>
				<array>
					<string>DEBUG=1</string>
					<string>$(inherited)</string>
				</array>
				<key>GCC_SYMBOLS_PRIVATE_EXTERN</key>
				<string>NO</string>
				<key>GCC_VERSION</key>
				<string>com.apple.compilers.llvm.clang.1_0</string>
				<key>INFOPLIST_FILE</key>
				<string>Tests/Tests-Info.plist</string>
				<key>INSTALL_PATH</key>
				<string>$(BUILT_PRODUCTS_DIR)</string>
				<key>IPHONEOS_DEPLOYMENT_TARGET</key>
				<string>7.0</string>
				<key>PRODUCT_NAME</key>
				<string>$(TARGET_NAME)</string>
				<key>PUBLIC_HEADERS_FOLDER_PATH</key>
				<string>$(TARGET_NAME)</string>
				<key>SDKROOT</key>
				<string>iphoneos</string>
				<key>SKIP_INSTALL</key>
				<string>YES</string>
			</dict>
			<key>isa</key>
			<string>XCBuildConfiguration</string>
			<key>name</key>
			<string>Debug</string>
		</dict>
		<key>93305DB8A51B4F7C8612558D</key>
		<dict>
			<key>includeInIndex</key>
			<string>1</string>
			<key>isa</key>
			<string>PBXFileReference</string>
			<key>lastKnownFileType</key>
			<string>sourcecode.c.objc</string>
			<key>name</key>
			<string>MyTest.m</string>
			<key>path</key>
			<string>Tests/MyTest.m</string>
			<key>sourceTree</key>
			<string>&lt;group&gt;</string>
		</dict>
		<key>9BD60484A47F4C64B727EA6D</key>
		<dict>
			<key>buildActionMask</key>
			<string>2147483647</string>
			<key>files</key>
			<array/>
			<key>inputPaths</key>
			<array/>
			<key>isa</key>
			<string>PBXShellScriptBuildPhase</string>
			<key>name</key>
			<string>Check Pods Manifest.lock</string>
			<key>outputPaths</key>
			<array/>
			<key>runOnlyForDeploymentPostprocessing</key>
			<string>0</string>
			<key>shellPath</key>
			<string>/bin/sh</string>
			<key>shellScript</key>
			<string>diff "${PODS_ROOT}/../Podfile.lock" "${PODS_ROOT}/Manifest.lock" &gt; /dev/null
if [[ $? != 0 ]] ; then
    cat &lt;&lt; EOM
error: The sandbox is not in sync with the Podfile.lock. Run 'pod install' or update your CocoaPods installation.
EOM
    exit 1
fi
</string>
			<key>showEnvVarsInLog</key>
			<string>0</string>
		</dict>
		<key>9C0151EB626B48508D880141</key>
		<dict>
			<key>buildActionMask</key>
			<string>2147483647</string>
			<key>files</key>
			<array/>
			<key>inputPaths</key>
			<array/>
			<key>isa</key>
			<string>PBXShellScriptBuildPhase</string>
			<key>name</key>
			<string>Check Pods Manifest.lock</string>
			<key>outputPaths</key>
			<array/>
			<key>runOnlyForDeploymentPostprocessing</key>
			<string>0</string>
			<key>shellPath</key>
			<string>/bin/sh</string>
			<key>shellScript</key>
			<string>diff "${PODS_ROOT}/../Podfile.lock" "${PODS_ROOT}/Manifest.lock" &gt; /dev/null
if [[ $? != 0 ]] ; then
    cat &lt;&lt; EOM
error: The sandbox is not in sync with the Podfile.lock. Run 'pod install' or update your CocoaPods installation.
EOM
    exit 1
fi
</string>
			<key>showEnvVarsInLog</key>
			<string>0</string>
		</dict>
		<key>9D93F483162E4AB69AFBADF4</key>
		<dict>
			<key>includeInIndex</key>
			<string>1</string>
			<key>isa</key>
			<string>PBXFileReference</string>
			<key>lastKnownFileType</key>
			<string>sourcecode.c.objc</string>
			<key>name</key>
			<string>CoffeeManagerTests.m</string>
			<key>path</key>
			<string>Tests/CoffeeManagerTests.m</string>
			<key>sourceTree</key>
			<string>&lt;group&gt;</string>
		</dict>
		<key>BB46A6B010F648FCB20DA62E</key>
		<dict>
			<key>explicitFileType</key>
			<string>archive.ar</string>
			<key>includeInIndex</key>
			<string>0</string>
			<key>isa</key>
			<string>PBXFileReference</string>
			<key>path</key>
			<string>libPods.a</string>
			<key>sourceTree</key>
			<string>BUILT_PRODUCTS_DIR</string>
		</dict>
		<key>BFBB3EA11CF44E9FAA578EE2</key>
		<dict>
			<key>baseConfigurationReference</key>
			<string>697CFABA8DE8472CA1DFC7CF</string>
			<key>buildSettings</key>
			<dict>
				<key>ALWAYS_SEARCH_USER_PATHS</key>
				<string>NO</string>
				<key>COPY_PHASE_STRIP</key>
				<string>YES</string>
				<key>DSTROOT</key>
				<string>/tmp/xcodeproj.dst</string>
				<key>GCC_C_LANGUAGE_STANDARD</key>
				<string>gnu99</string>
				<key>GCC_PRECOMPILE_PREFIX_HEADER</key>
				<string>YES</string>
				<key>GCC_PREFIX_HEADER</key>
				<string>thor/thor-Prefix.pch</string>
				<key>GCC_VERSION</key>
				<string>com.apple.compilers.llvm.clang.1_0</string>
				<key>INFOPLIST_FILE</key>
				<string>Tests/Tests-Info.plist</string>
				<key>INSTALL_PATH</key>
				<string>$(BUILT_PRODUCTS_DIR)</string>
				<key>IPHONEOS_DEPLOYMENT_TARGET</key>
				<string>7.0</string>
				<key>OTHER_CFLAGS</key>
				<array>
					<string>-DNS_BLOCK_ASSERTIONS=1</string>
					<string>$(inherited)</string>
				</array>
				<key>OTHER_CPLUSPLUSFLAGS</key>
				<array>
					<string>-DNS_BLOCK_ASSERTIONS=1</string>
					<string>$(inherited)</string>
				</array>
				<key>PRODUCT_NAME</key>
				<string>$(TARGET_NAME)</string>
				<key>PUBLIC_HEADERS_FOLDER_PATH</key>
				<string>$(TARGET_NAME)</string>
				<key>SDKROOT</key>
				<string>iphoneos</string>
				<key>SKIP_INSTALL</key>
				<string>YES</string>
				<key>VALIDATE_PRODUCT</key>
				<string>YES</string>
			</dict>
			<key>isa</key>
			<string>XCBuildConfiguration</string>
			<key>name</key>
			<string>Release</string>
		</dict>
		<key>C3D9CB80B4B74A90BE785CE6</key>
		<dict>
			<key>buildConfigurationList</key>
			<string>78AE1196D31E48B4983C5DF0</string>
			<key>buildPhases</key>
			<array>
				<string>9C0151EB626B48508D880141</string>
				<string>689558FB88714783B111FB2C</string>
				<string>D4C9747CC7BE4E4EB8DD18C0</string>
				<string>1958467E17C266C8004B8592</string>
				<string>4C2C900A1BCE44E483F24673</string>
			</array>
			<key>buildRules</key>
			<array/>
			<key>dependencies</key>
			<array>
				<string>59562ACA452E468CA30CD72F</string>
			</array>
			<key>isa</key>
			<string>PBXNativeTarget</string>
			<key>name</key>
			<string>Tests</string>
			<key>productName</key>
			<string>Tests</string>
			<key>productReference</key>
			<string>E61A57B23725472BB94B0B1C</string>
			<key>productType</key>
			<string>com.apple.product-type.application</string>
		</dict>
		<key>CF451326B8AC41858C053B59</key>
		<dict>
			<key>containerPortal</key>
			<string>1958467817C266C8004B8592</string>
			<key>isa</key>
			<string>PBXContainerItemProxy</string>
			<key>proxyType</key>
			<string>1</string>
			<key>remoteGlobalIDString</key>
			<string>1958467F17C266C8004B8592</string>
			<key>remoteInfo</key>
			<string>thor</string>
		</dict>
		<key>D4C9747CC7BE4E4EB8DD18C0</key>
		<dict>
			<key>buildActionMask</key>
			<string>2147483647</string>
			<key>files</key>
			<array>
				<string>1AA4FF5A9F004E9C8A02FCE8</string>
				<string>5C1EFC09862F408F8E32E1F8</string>
			</array>
			<key>isa</key>
			<string>PBXFrameworksBuildPhase</string>
			<key>runOnlyForDeploymentPostprocessing</key>
			<string>0</string>
		</dict>
		<key>E61A57B23725472BB94B0B1C</key>
		<dict>
			<key>explicitFileType</key>
			<string>wrapper.application</string>
			<key>includeInIndex</key>
			<string>0</string>
			<key>isa</key>
			<string>PBXFileReference</string>
			<key>path</key>
			<string>Tests.app</string>
			<key>sourceTree</key>
			<string>BUILT_PRODUCTS_DIR</string>
		</dict>
		<key>E8C78E996A5B4AFCB18A1A89</key>
		<dict>
			<key>includeInIndex</key>
			<string>1</string>
			<key>isa</key>
			<string>PBXFileReference</string>
			<key>lastKnownFileType</key>
			<string>text.xcconfig</string>
			<key>name</key>
			<string>Pods.xcconfig</string>
			<key>path</key>
			<string>Pods/Pods.xcconfig</string>
			<key>sourceTree</key>
			<string>&lt;group&gt;</string>
		</dict>
		<key>FC0E89A40C124D749587B785</key>
		<dict>
			<key>buildActionMask</key>
			<string>2147483647</string>
			<key>files</key>
			<array/>
			<key>inputPaths</key>
			<array/>
			<key>isa</key>
			<string>PBXShellScriptBuildPhase</string>
			<key>name</key>
			<string>Copy Pods Resources</string>
			<key>outputPaths</key>
			<array/>
			<key>runOnlyForDeploymentPostprocessing</key>
			<string>0</string>
			<key>shellPath</key>
			<string>/bin/sh</string>
			<key>shellScript</key>
			<string>"${SRCROOT}/Pods/Pods-resources.sh"
</string>
			<key>showEnvVarsInLog</key>
			<string>0</string>
		</dict>
	</dict>
	<key>rootObject</key>
	<string>1958467817C266C8004B8592</string>
</dict>
</plist>
